<?xml version="1.0" encoding="UTF-8" standalone="yes" ?>
<CodeBlocks_project_file>
   <FileVersion major="1" minor="6" />
   <Project>
      <Option title="v4r_registration" />
      <Option makefile_is_custom="1" />
      <Option compiler="gcc" />
      <Option virtualFolders="CMake Files\;CMake Files\cmake\;CMake Files\cmake\templates\;CMake Files\modules\;CMake Files\modules\core\;CMake Files\modules\core\include\;CMake Files\modules\core\include\v4r\;CMake Files\modules\core\include\v4r\core\;CMake Files\modules\change_detection\;CMake Files\modules\common\;CMake Files\modules\features\;CMake Files\modules\io\;CMake Files\modules\keypoints\;CMake Files\modules\ml\;CMake Files\modules\object_modelling\;CMake Files\modules\own\;CMake Files\modules\recognition\;CMake Files\modules\reconstruction\;CMake Files\modules\registration\;CMake Files\modules\rendering\;CMake Files\modules\segmentation\;CMake Files\modules\tracking\;CMake Files\..\;CMake Files\..\..\;CMake Files\..\..\..\;CMake Files\..\..\..\..\;CMake Files\..\..\..\..\usr\;CMake Files\..\..\..\..\usr\local\;CMake Files\..\..\..\..\usr\local\share\;CMake Files\..\..\..\..\usr\local\share\Ceres\;CMake Files\..\..\..\..\usr\lib\;CMake Files\..\..\..\..\usr\lib\x86_64-linux-gnu\;CMake Files\..\..\..\..\usr\lib\x86_64-linux-gnu\cmake\;CMake Files\..\..\..\..\usr\lib\x86_64-linux-gnu\cmake\pcl\;CMake Files\..\..\..\..\usr\lib\x86_64-linux-gnu\cmake\Qt5Widgets\;CMake Files\..\..\..\..\usr\lib\x86_64-linux-gnu\cmake\Qt5Gui\;CMake Files\..\..\..\..\usr\lib\x86_64-linux-gnu\cmake\Qt5Core\;CMake Files\..\..\..\..\usr\lib\x86_64-linux-gnu\cmake\Qt5OpenGL\;CMake Files\..\..\..\..\usr\lib\x86_64-linux-gnu\cmake\Qt5Sql\;CMake Files\..\..\..\..\usr\lib\x86_64-linux-gnu\cmake\Qt5WebKitWidgets\;CMake Files\..\..\..\..\usr\lib\x86_64-linux-gnu\cmake\Qt5WebKit\;CMake Files\..\..\..\..\usr\lib\x86_64-linux-gnu\cmake\Qt5Network\;CMake Files\..\..\..\..\usr\lib\cmake\;CMake Files\..\..\..\..\usr\lib\cmake\vtk-6.2\;CMake Files\..\..\..\..\usr\lib\cmake\vtk-6.2\Modules\;CMake Files\..\..\..\..\usr\share\;CMake Files\..\..\..\..\usr\share\OpenCV\;CMake Files\..\caffe\;CMake Files\..\caffe\build\;CMake Files\3rdparty\;CMake Files\3rdparty\EDT\;CMake Files\3rdparty\SiftGPU\;CMake Files\3rdparty\SiftGPU\tmp\;CMake Files\3rdparty\metslib\;CMake Files\3rdparty\libsvm\;CMake Files\3rdparty\libsvm\tmp\;CMake Files\samples\;CMake Files\samples\examples\;CMake Files\samples\eval\;CMake Files\samples\tools\;CMake Files\samples\own\;" />
      <Build>
      <Target title="all">
         <Option working_dir="/home/martin/github/v4r/debug/modules/registration" />
         <Option type="4" />
         <MakeCommands>
            <Build command="/usr/bin/make -f &quot;/home/martin/github/v4r/debug/modules/registration/Makefile&quot;  VERBOSE=1 all" />
            <CompileFile command="/usr/bin/make -f &quot;/home/martin/github/v4r/debug/modules/registration/Makefile&quot;  VERBOSE=1 &quot;$file&quot;" />
            <Clean command="/usr/bin/make -f &quot;/home/martin/github/v4r/debug/modules/registration/Makefile&quot;  VERBOSE=1 clean" />
            <DistClean command="/usr/bin/make -f &quot;/home/martin/github/v4r/debug/modules/registration/Makefile&quot;  VERBOSE=1 clean" />
         </MakeCommands>
      </Target>
      <Target title="v4r_registration">
         <Option output="/home/martin/github/v4r/debug/lib/libv4r_registration.so" prefix_auto="0" extension_auto="0" />
         <Option working_dir="/home/martin/github/v4r/debug/modules/registration" />
         <Option object_output="./" />
         <Option type="3" />
         <Option compiler="gcc" />
         <Compiler>
            <Add option="-DV4RAPI_EXPORTS" />
            <Add option="-DDISABLE_PCAP" />
            <Add option="-DDISABLE_PNG" />
            <Add option="-DvtkFiltersFlowPaths_AUTOINIT=1(vtkFiltersParallelFlowPaths)" />
            <Add option="-DvtkIOExodus_AUTOINIT=1(vtkIOParallelExodus)" />
            <Add option="-DvtkIOGeometry_AUTOINIT=1(vtkIOMPIParallel)" />
            <Add option="-DvtkIOImage_AUTOINIT=1(vtkIOMPIImage)" />
            <Add option="-DvtkIOSQL_AUTOINIT=2(vtkIOMySQL,vtkIOPostgreSQL)" />
            <Add option="-DvtkRenderingContext2D_AUTOINIT=1(vtkRenderingContextOpenGL)" />
            <Add option="-DvtkRenderingCore_AUTOINIT=4(vtkInteractionStyle,vtkRenderingFreeType,vtkRenderingFreeTypeOpenGL,vtkRenderingOpenGL)" />
            <Add option="-DvtkRenderingFreeType_AUTOINIT=2(vtkRenderingFreeTypeFontConfig,vtkRenderingMatplotlib)" />
            <Add option="-DvtkRenderingLIC_AUTOINIT=1(vtkRenderingParallelLIC)" />
            <Add option="-DvtkRenderingVolume_AUTOINIT=1(vtkRenderingVolumeOpenGL)" />
            <Add option="-DUSE_OPENCV" />
            <Add option="-DUSE_LMDB" />
            <Add option="-DUSE_LEVELDB" />
            <Add option="-D__V4R_BUILD=1" />
            <Add option="-DQT_WIDGETS_LIB" />
            <Add option="-DQT_GUI_LIB" />
            <Add option="-DQT_CORE_LIB" />
            <Add directory="/home/martin/github/caffe/build/include" />
            <Add directory="/home/martin/github/caffe/include" />
            <Add directory="/home/martin/github/caffe/src" />
            <Add directory="/home/martin/github/v4r/3rdparty" />
            <Add directory="/home/martin/github/v4r/3rdparty/SiftGPU/src/siftgpu_external/src" />
            <Add directory="/home/martin/github/v4r/debug" />
            <Add directory="/home/martin/github/v4r/debug/modules/registration" />
            <Add directory="/home/martin/github/v4r/modules/common/include" />
            <Add directory="/home/martin/github/v4r/modules/core/include" />
            <Add directory="/home/martin/github/v4r/modules/features/include" />
            <Add directory="/home/martin/github/v4r/modules/io/include" />
            <Add directory="/home/martin/github/v4r/modules/keypoints/include" />
            <Add directory="/home/martin/github/v4r/modules/registration/include" />
            <Add directory="/home/martin/github/v4r/modules/registration/src" />
            <Add directory="/usr/include" />
            <Add directory="/usr/include/atlas" />
            <Add directory="/usr/include/c++/4.8" />
            <Add directory="/usr/include/c++/4.8/backward" />
            <Add directory="/usr/include/eigen3" />
            <Add directory="/usr/include/freetype2" />
            <Add directory="/usr/include/hdf5/serial" />
            <Add directory="/usr/include/jsoncpp" />
            <Add directory="/usr/include/libxml2" />
            <Add directory="/usr/include/ni" />
            <Add directory="/usr/include/opencv" />
            <Add directory="/usr/include/openni2" />
            <Add directory="/usr/include/pcl-1.7" />
            <Add directory="/usr/include/python2.7" />
            <Add directory="/usr/include/tcl" />
            <Add directory="/usr/include/vtk-6.2" />
            <Add directory="/usr/include/x86_64-linux-gnu" />
            <Add directory="/usr/include/x86_64-linux-gnu/c++/4.8" />
            <Add directory="/usr/include/x86_64-linux-gnu/freetype2" />
            <Add directory="/usr/include/x86_64-linux-gnu/qt5" />
            <Add directory="/usr/include/x86_64-linux-gnu/qt5/QtCore" />
            <Add directory="/usr/include/x86_64-linux-gnu/qt5/QtGui" />
            <Add directory="/usr/include/x86_64-linux-gnu/qt5/QtWidgets" />
            <Add directory="/usr/lib/gcc/x86_64-linux-gnu/4.8/include" />
            <Add directory="/usr/lib/gcc/x86_64-linux-gnu/4.8/include-fixed" />
            <Add directory="/usr/lib/openmpi/include" />
            <Add directory="/usr/lib/openmpi/include/openmpi" />
            <Add directory="/usr/lib/openmpi/include/openmpi/opal/mca/event/libevent2021/libevent" />
            <Add directory="/usr/lib/openmpi/include/openmpi/opal/mca/event/libevent2021/libevent/include" />
            <Add directory="/usr/lib/x86_64-linux-gnu/qt5/mkspecs/linux-g++-64" />
            <Add directory="/usr/local/cuda/include" />
            <Add directory="/usr/local/include" />
         </Compiler>
         <MakeCommands>
            <Build command="/usr/bin/make -f &quot;/home/martin/github/v4r/debug/modules/registration/Makefile&quot;  VERBOSE=1 v4r_registration" />
            <CompileFile command="/usr/bin/make -f &quot;/home/martin/github/v4r/debug/modules/registration/Makefile&quot;  VERBOSE=1 &quot;$file&quot;" />
            <Clean command="/usr/bin/make -f &quot;/home/martin/github/v4r/debug/modules/registration/Makefile&quot;  VERBOSE=1 clean" />
            <DistClean command="/usr/bin/make -f &quot;/home/martin/github/v4r/debug/modules/registration/Makefile&quot;  VERBOSE=1 clean" />
         </MakeCommands>
      </Target>
      <Target title="v4r_registration/fast">
         <Option output="/home/martin/github/v4r/debug/lib/libv4r_registration.so" prefix_auto="0" extension_auto="0" />
         <Option working_dir="/home/martin/github/v4r/debug/modules/registration" />
         <Option object_output="./" />
         <Option type="3" />
         <Option compiler="gcc" />
         <Compiler>
            <Add option="-DV4RAPI_EXPORTS" />
            <Add option="-DDISABLE_PCAP" />
            <Add option="-DDISABLE_PNG" />
            <Add option="-DvtkFiltersFlowPaths_AUTOINIT=1(vtkFiltersParallelFlowPaths)" />
            <Add option="-DvtkIOExodus_AUTOINIT=1(vtkIOParallelExodus)" />
            <Add option="-DvtkIOGeometry_AUTOINIT=1(vtkIOMPIParallel)" />
            <Add option="-DvtkIOImage_AUTOINIT=1(vtkIOMPIImage)" />
            <Add option="-DvtkIOSQL_AUTOINIT=2(vtkIOMySQL,vtkIOPostgreSQL)" />
            <Add option="-DvtkRenderingContext2D_AUTOINIT=1(vtkRenderingContextOpenGL)" />
            <Add option="-DvtkRenderingCore_AUTOINIT=4(vtkInteractionStyle,vtkRenderingFreeType,vtkRenderingFreeTypeOpenGL,vtkRenderingOpenGL)" />
            <Add option="-DvtkRenderingFreeType_AUTOINIT=2(vtkRenderingFreeTypeFontConfig,vtkRenderingMatplotlib)" />
            <Add option="-DvtkRenderingLIC_AUTOINIT=1(vtkRenderingParallelLIC)" />
            <Add option="-DvtkRenderingVolume_AUTOINIT=1(vtkRenderingVolumeOpenGL)" />
            <Add option="-DUSE_OPENCV" />
            <Add option="-DUSE_LMDB" />
            <Add option="-DUSE_LEVELDB" />
            <Add option="-D__V4R_BUILD=1" />
            <Add option="-DQT_WIDGETS_LIB" />
            <Add option="-DQT_GUI_LIB" />
            <Add option="-DQT_CORE_LIB" />
            <Add directory="/home/martin/github/caffe/build/include" />
            <Add directory="/home/martin/github/caffe/include" />
            <Add directory="/home/martin/github/caffe/src" />
            <Add directory="/home/martin/github/v4r/3rdparty" />
            <Add directory="/home/martin/github/v4r/3rdparty/SiftGPU/src/siftgpu_external/src" />
            <Add directory="/home/martin/github/v4r/debug" />
            <Add directory="/home/martin/github/v4r/debug/modules/registration" />
            <Add directory="/home/martin/github/v4r/modules/common/include" />
            <Add directory="/home/martin/github/v4r/modules/core/include" />
            <Add directory="/home/martin/github/v4r/modules/features/include" />
            <Add directory="/home/martin/github/v4r/modules/io/include" />
            <Add directory="/home/martin/github/v4r/modules/keypoints/include" />
            <Add directory="/home/martin/github/v4r/modules/registration/include" />
            <Add directory="/home/martin/github/v4r/modules/registration/src" />
            <Add directory="/usr/include" />
            <Add directory="/usr/include/atlas" />
            <Add directory="/usr/include/c++/4.8" />
            <Add directory="/usr/include/c++/4.8/backward" />
            <Add directory="/usr/include/eigen3" />
            <Add directory="/usr/include/freetype2" />
            <Add directory="/usr/include/hdf5/serial" />
            <Add directory="/usr/include/jsoncpp" />
            <Add directory="/usr/include/libxml2" />
            <Add directory="/usr/include/ni" />
            <Add directory="/usr/include/opencv" />
            <Add directory="/usr/include/openni2" />
            <Add directory="/usr/include/pcl-1.7" />
            <Add directory="/usr/include/python2.7" />
            <Add directory="/usr/include/tcl" />
            <Add directory="/usr/include/vtk-6.2" />
            <Add directory="/usr/include/x86_64-linux-gnu" />
            <Add directory="/usr/include/x86_64-linux-gnu/c++/4.8" />
            <Add directory="/usr/include/x86_64-linux-gnu/freetype2" />
            <Add directory="/usr/include/x86_64-linux-gnu/qt5" />
            <Add directory="/usr/include/x86_64-linux-gnu/qt5/QtCore" />
            <Add directory="/usr/include/x86_64-linux-gnu/qt5/QtGui" />
            <Add directory="/usr/include/x86_64-linux-gnu/qt5/QtWidgets" />
            <Add directory="/usr/lib/gcc/x86_64-linux-gnu/4.8/include" />
            <Add directory="/usr/lib/gcc/x86_64-linux-gnu/4.8/include-fixed" />
            <Add directory="/usr/lib/openmpi/include" />
            <Add directory="/usr/lib/openmpi/include/openmpi" />
            <Add directory="/usr/lib/openmpi/include/openmpi/opal/mca/event/libevent2021/libevent" />
            <Add directory="/usr/lib/openmpi/include/openmpi/opal/mca/event/libevent2021/libevent/include" />
            <Add directory="/usr/lib/x86_64-linux-gnu/qt5/mkspecs/linux-g++-64" />
            <Add directory="/usr/local/cuda/include" />
            <Add directory="/usr/local/include" />
         </Compiler>
         <MakeCommands>
            <Build command="/usr/bin/make -f &quot;/home/martin/github/v4r/debug/modules/registration/Makefile&quot;  VERBOSE=1 v4r_registration/fast" />
            <CompileFile command="/usr/bin/make -f &quot;/home/martin/github/v4r/debug/modules/registration/Makefile&quot;  VERBOSE=1 &quot;$file&quot;" />
            <Clean command="/usr/bin/make -f &quot;/home/martin/github/v4r/debug/modules/registration/Makefile&quot;  VERBOSE=1 clean" />
            <DistClean command="/usr/bin/make -f &quot;/home/martin/github/v4r/debug/modules/registration/Makefile&quot;  VERBOSE=1 clean" />
         </MakeCommands>
      </Target>
      <Target title="v4r_registration_object">
         <Option output="/home/martin/github/v4r/debug/modules/registration/CMakeFiles/v4r_registration_object.dir/v4r_registration_object.objlib" prefix_auto="0" extension_auto="0" />
         <Option working_dir="/home/martin/github/v4r/debug/modules/registration" />
         <Option object_output="./" />
         <Option type="2" />
         <Option compiler="gcc" />
         <Compiler>
            <Add option="-DV4RAPI_EXPORTS" />
            <Add option="-DDISABLE_PCAP" />
            <Add option="-DDISABLE_PNG" />
            <Add option="-DvtkFiltersFlowPaths_AUTOINIT=1(vtkFiltersParallelFlowPaths)" />
            <Add option="-DvtkIOExodus_AUTOINIT=1(vtkIOParallelExodus)" />
            <Add option="-DvtkIOGeometry_AUTOINIT=1(vtkIOMPIParallel)" />
            <Add option="-DvtkIOImage_AUTOINIT=1(vtkIOMPIImage)" />
            <Add option="-DvtkIOSQL_AUTOINIT=2(vtkIOMySQL,vtkIOPostgreSQL)" />
            <Add option="-DvtkRenderingContext2D_AUTOINIT=1(vtkRenderingContextOpenGL)" />
            <Add option="-DvtkRenderingCore_AUTOINIT=4(vtkInteractionStyle,vtkRenderingFreeType,vtkRenderingFreeTypeOpenGL,vtkRenderingOpenGL)" />
            <Add option="-DvtkRenderingFreeType_AUTOINIT=2(vtkRenderingFreeTypeFontConfig,vtkRenderingMatplotlib)" />
            <Add option="-DvtkRenderingLIC_AUTOINIT=1(vtkRenderingParallelLIC)" />
            <Add option="-DvtkRenderingVolume_AUTOINIT=1(vtkRenderingVolumeOpenGL)" />
            <Add option="-DUSE_OPENCV" />
            <Add option="-DUSE_LMDB" />
            <Add option="-DUSE_LEVELDB" />
            <Add option="-D__V4R_BUILD=1" />
            <Add directory="/home/martin/github/caffe/build/include" />
            <Add directory="/home/martin/github/caffe/include" />
            <Add directory="/home/martin/github/caffe/src" />
            <Add directory="/home/martin/github/v4r/3rdparty" />
            <Add directory="/home/martin/github/v4r/3rdparty/SiftGPU/src/siftgpu_external/src" />
            <Add directory="/home/martin/github/v4r/debug" />
            <Add directory="/home/martin/github/v4r/debug/modules/registration" />
            <Add directory="/home/martin/github/v4r/modules/common/include" />
            <Add directory="/home/martin/github/v4r/modules/core/include" />
            <Add directory="/home/martin/github/v4r/modules/features/include" />
            <Add directory="/home/martin/github/v4r/modules/io/include" />
            <Add directory="/home/martin/github/v4r/modules/keypoints/include" />
            <Add directory="/home/martin/github/v4r/modules/registration/include" />
            <Add directory="/home/martin/github/v4r/modules/registration/src" />
            <Add directory="/usr/include" />
            <Add directory="/usr/include/atlas" />
            <Add directory="/usr/include/c++/4.8" />
            <Add directory="/usr/include/c++/4.8/backward" />
            <Add directory="/usr/include/eigen3" />
            <Add directory="/usr/include/freetype2" />
            <Add directory="/usr/include/hdf5/serial" />
            <Add directory="/usr/include/jsoncpp" />
            <Add directory="/usr/include/libxml2" />
            <Add directory="/usr/include/ni" />
            <Add directory="/usr/include/opencv" />
            <Add directory="/usr/include/openni2" />
            <Add directory="/usr/include/pcl-1.7" />
            <Add directory="/usr/include/python2.7" />
            <Add directory="/usr/include/tcl" />
            <Add directory="/usr/include/vtk-6.2" />
            <Add directory="/usr/include/x86_64-linux-gnu" />
            <Add directory="/usr/include/x86_64-linux-gnu/c++/4.8" />
            <Add directory="/usr/include/x86_64-linux-gnu/freetype2" />
            <Add directory="/usr/lib/gcc/x86_64-linux-gnu/4.8/include" />
            <Add directory="/usr/lib/gcc/x86_64-linux-gnu/4.8/include-fixed" />
            <Add directory="/usr/lib/openmpi/include" />
            <Add directory="/usr/lib/openmpi/include/openmpi" />
            <Add directory="/usr/lib/openmpi/include/openmpi/opal/mca/event/libevent2021/libevent" />
            <Add directory="/usr/lib/openmpi/include/openmpi/opal/mca/event/libevent2021/libevent/include" />
            <Add directory="/usr/local/cuda/include" />
            <Add directory="/usr/local/include" />
         </Compiler>
         <MakeCommands>
            <Build command="/usr/bin/make -f &quot;/home/martin/github/v4r/debug/modules/registration/Makefile&quot;  VERBOSE=1 v4r_registration_object" />
            <CompileFile command="/usr/bin/make -f &quot;/home/martin/github/v4r/debug/modules/registration/Makefile&quot;  VERBOSE=1 &quot;$file&quot;" />
            <Clean command="/usr/bin/make -f &quot;/home/martin/github/v4r/debug/modules/registration/Makefile&quot;  VERBOSE=1 clean" />
            <DistClean command="/usr/bin/make -f &quot;/home/martin/github/v4r/debug/modules/registration/Makefile&quot;  VERBOSE=1 clean" />
         </MakeCommands>
      </Target>
      <Target title="v4r_registration_object/fast">
         <Option output="/home/martin/github/v4r/debug/modules/registration/CMakeFiles/v4r_registration_object.dir/v4r_registration_object.objlib" prefix_auto="0" extension_auto="0" />
         <Option working_dir="/home/martin/github/v4r/debug/modules/registration" />
         <Option object_output="./" />
         <Option type="2" />
         <Option compiler="gcc" />
         <Compiler>
            <Add option="-DV4RAPI_EXPORTS" />
            <Add option="-DDISABLE_PCAP" />
            <Add option="-DDISABLE_PNG" />
            <Add option="-DvtkFiltersFlowPaths_AUTOINIT=1(vtkFiltersParallelFlowPaths)" />
            <Add option="-DvtkIOExodus_AUTOINIT=1(vtkIOParallelExodus)" />
            <Add option="-DvtkIOGeometry_AUTOINIT=1(vtkIOMPIParallel)" />
            <Add option="-DvtkIOImage_AUTOINIT=1(vtkIOMPIImage)" />
            <Add option="-DvtkIOSQL_AUTOINIT=2(vtkIOMySQL,vtkIOPostgreSQL)" />
            <Add option="-DvtkRenderingContext2D_AUTOINIT=1(vtkRenderingContextOpenGL)" />
            <Add option="-DvtkRenderingCore_AUTOINIT=4(vtkInteractionStyle,vtkRenderingFreeType,vtkRenderingFreeTypeOpenGL,vtkRenderingOpenGL)" />
            <Add option="-DvtkRenderingFreeType_AUTOINIT=2(vtkRenderingFreeTypeFontConfig,vtkRenderingMatplotlib)" />
            <Add option="-DvtkRenderingLIC_AUTOINIT=1(vtkRenderingParallelLIC)" />
            <Add option="-DvtkRenderingVolume_AUTOINIT=1(vtkRenderingVolumeOpenGL)" />
            <Add option="-DUSE_OPENCV" />
            <Add option="-DUSE_LMDB" />
            <Add option="-DUSE_LEVELDB" />
            <Add option="-D__V4R_BUILD=1" />
            <Add directory="/home/martin/github/caffe/build/include" />
            <Add directory="/home/martin/github/caffe/include" />
            <Add directory="/home/martin/github/caffe/src" />
            <Add directory="/home/martin/github/v4r/3rdparty" />
            <Add directory="/home/martin/github/v4r/3rdparty/SiftGPU/src/siftgpu_external/src" />
            <Add directory="/home/martin/github/v4r/debug" />
            <Add directory="/home/martin/github/v4r/debug/modules/registration" />
            <Add directory="/home/martin/github/v4r/modules/common/include" />
            <Add directory="/home/martin/github/v4r/modules/core/include" />
            <Add directory="/home/martin/github/v4r/modules/features/include" />
            <Add directory="/home/martin/github/v4r/modules/io/include" />
            <Add directory="/home/martin/github/v4r/modules/keypoints/include" />
            <Add directory="/home/martin/github/v4r/modules/registration/include" />
            <Add directory="/home/martin/github/v4r/modules/registration/src" />
            <Add directory="/usr/include" />
            <Add directory="/usr/include/atlas" />
            <Add directory="/usr/include/c++/4.8" />
            <Add directory="/usr/include/c++/4.8/backward" />
            <Add directory="/usr/include/eigen3" />
            <Add directory="/usr/include/freetype2" />
            <Add directory="/usr/include/hdf5/serial" />
            <Add directory="/usr/include/jsoncpp" />
            <Add directory="/usr/include/libxml2" />
            <Add directory="/usr/include/ni" />
            <Add directory="/usr/include/opencv" />
            <Add directory="/usr/include/openni2" />
            <Add directory="/usr/include/pcl-1.7" />
            <Add directory="/usr/include/python2.7" />
            <Add directory="/usr/include/tcl" />
            <Add directory="/usr/include/vtk-6.2" />
            <Add directory="/usr/include/x86_64-linux-gnu" />
            <Add directory="/usr/include/x86_64-linux-gnu/c++/4.8" />
            <Add directory="/usr/include/x86_64-linux-gnu/freetype2" />
            <Add directory="/usr/lib/gcc/x86_64-linux-gnu/4.8/include" />
            <Add directory="/usr/lib/gcc/x86_64-linux-gnu/4.8/include-fixed" />
            <Add directory="/usr/lib/openmpi/include" />
            <Add directory="/usr/lib/openmpi/include/openmpi" />
            <Add directory="/usr/lib/openmpi/include/openmpi/opal/mca/event/libevent2021/libevent" />
            <Add directory="/usr/lib/openmpi/include/openmpi/opal/mca/event/libevent2021/libevent/include" />
            <Add directory="/usr/local/cuda/include" />
            <Add directory="/usr/local/include" />
         </Compiler>
         <MakeCommands>
            <Build command="/usr/bin/make -f &quot;/home/martin/github/v4r/debug/modules/registration/Makefile&quot;  VERBOSE=1 v4r_registration_object/fast" />
            <CompileFile command="/usr/bin/make -f &quot;/home/martin/github/v4r/debug/modules/registration/Makefile&quot;  VERBOSE=1 &quot;$file&quot;" />
            <Clean command="/usr/bin/make -f &quot;/home/martin/github/v4r/debug/modules/registration/Makefile&quot;  VERBOSE=1 clean" />
            <DistClean command="/usr/bin/make -f &quot;/home/martin/github/v4r/debug/modules/registration/Makefile&quot;  VERBOSE=1 clean" />
         </MakeCommands>
      </Target>
      </Build>
      <Unit filename="/home/martin/github/v4r/debug/v4r_config.h">
         <Option target="v4r_registration"/>
         <Option target="v4r_registration_object"/>
      </Unit>
      <Unit filename="/home/martin/github/v4r/debug/v4r_modules.h">
         <Option target="v4r_registration"/>
         <Option target="v4r_registration_object"/>
      </Unit>
      <Unit filename="/home/martin/github/v4r/modules/registration/include/v4r/registration/FeatureBasedRegistration.h">
         <Option target="v4r_registration"/>
         <Option target="v4r_registration_object"/>
      </Unit>
      <Unit filename="/home/martin/github/v4r/modules/registration/include/v4r/registration/MultiSessionModelling.h">
         <Option target="v4r_registration"/>
         <Option target="v4r_registration_object"/>
      </Unit>
      <Unit filename="/home/martin/github/v4r/modules/registration/include/v4r/registration/MvLMIcp.h">
         <Option target="v4r_registration"/>
         <Option target="v4r_registration_object"/>
      </Unit>
      <Unit filename="/home/martin/github/v4r/modules/registration/include/v4r/registration/PartialModelRegistrationBase.h">
         <Option target="v4r_registration"/>
         <Option target="v4r_registration_object"/>
      </Unit>
      <Unit filename="/home/martin/github/v4r/modules/registration/include/v4r/registration/StablePlanesRegistration.h">
         <Option target="v4r_registration"/>
         <Option target="v4r_registration_object"/>
      </Unit>
      <Unit filename="/home/martin/github/v4r/modules/registration/include/v4r/registration/fast_icp_with_gc.h">
         <Option target="v4r_registration"/>
         <Option target="v4r_registration_object"/>
      </Unit>
      <Unit filename="/home/martin/github/v4r/modules/registration/include/v4r/registration/impl/fast_icp_with_gc.hpp">
         <Option target="v4r_registration"/>
         <Option target="v4r_registration_object"/>
      </Unit>
      <Unit filename="/home/martin/github/v4r/modules/registration/include/v4r/registration/metrics.h">
         <Option target="v4r_registration"/>
         <Option target="v4r_registration_object"/>
      </Unit>
      <Unit filename="/home/martin/github/v4r/modules/registration/include/v4r/registration/noise_model_based_cloud_integration.h">
         <Option target="v4r_registration"/>
         <Option target="v4r_registration_object"/>
      </Unit>
      <Unit filename="/home/martin/github/v4r/modules/registration/include/v4r/registration/uniform_sampling.h">
         <Option target="v4r_registration"/>
         <Option target="v4r_registration_object"/>
      </Unit>
      <Unit filename="/home/martin/github/v4r/modules/registration/src/FeatureBasedRegistration.cpp">
         <Option target="v4r_registration"/>
         <Option target="v4r_registration_object"/>
      </Unit>
      <Unit filename="/home/martin/github/v4r/modules/registration/src/MultiSessionModelling.cpp">
         <Option target="v4r_registration"/>
         <Option target="v4r_registration_object"/>
      </Unit>
      <Unit filename="/home/martin/github/v4r/modules/registration/src/MvLMIcp.cpp">
         <Option target="v4r_registration"/>
         <Option target="v4r_registration_object"/>
      </Unit>
      <Unit filename="/home/martin/github/v4r/modules/registration/src/PartialModelRegistrationBase.cpp">
         <Option target="v4r_registration"/>
         <Option target="v4r_registration_object"/>
      </Unit>
      <Unit filename="/home/martin/github/v4r/modules/registration/src/StablePlanesRegistration.cpp">
         <Option target="v4r_registration"/>
         <Option target="v4r_registration_object"/>
      </Unit>
      <Unit filename="/home/martin/github/v4r/modules/registration/src/fast_icp_with_gc.cpp">
         <Option target="v4r_registration"/>
         <Option target="v4r_registration_object"/>
      </Unit>
      <Unit filename="/home/martin/github/v4r/modules/registration/src/metrics.cpp">
         <Option target="v4r_registration"/>
         <Option target="v4r_registration_object"/>
      </Unit>
      <Unit filename="/home/martin/github/v4r/modules/registration/src/noise_model_based_cloud_integration.cpp">
         <Option target="v4r_registration"/>
         <Option target="v4r_registration_object"/>
      </Unit>
      <Unit filename="/home/martin/github/v4r/CMakeLists.txt">
          <Option virtualFolder="CMake Files\" />
      </Unit>
      <Unit filename="/home/martin/github/v4r/cmake/V4RMinDepVersions.cmake">
          <Option virtualFolder="CMake Files\cmake\" />
      </Unit>
      <Unit filename="/home/martin/github/v4r/cmake/V4RUtils.cmake">
          <Option virtualFolder="CMake Files\cmake\" />
      </Unit>
      <Unit filename="/home/martin/github/v4r/cmake/V4RDetectCXXCompiler.cmake">
          <Option virtualFolder="CMake Files\cmake\" />
      </Unit>
      <Unit filename="/home/martin/github/v4r/cmake/V4RVersion.cmake">
          <Option virtualFolder="CMake Files\cmake\" />
      </Unit>
      <Unit filename="/home/martin/github/v4r/cmake/V4RCompilerOptions.cmake">
          <Option virtualFolder="CMake Files\cmake\" />
      </Unit>
      <Unit filename="/home/martin/github/v4r/cmake/V4RModule.cmake">
          <Option virtualFolder="CMake Files\cmake\" />
      </Unit>
      <Unit filename="/home/martin/github/v4r/cmake/V4RFindAssimp.cmake">
          <Option virtualFolder="CMake Files\cmake\" />
      </Unit>
      <Unit filename="/home/martin/github/v4r/cmake/V4RFindCeres.cmake">
          <Option virtualFolder="CMake Files\cmake\" />
      </Unit>
      <Unit filename="/home/martin/github/v4r/cmake/V4RFindLibsPerf.cmake">
          <Option virtualFolder="CMake Files\cmake\" />
      </Unit>
      <Unit filename="/home/martin/github/v4r/cmake/V4RDetectCUDA.cmake">
          <Option virtualFolder="CMake Files\cmake\" />
      </Unit>
      <Unit filename="/home/martin/github/v4r/cmake/V4RFindEigen.cmake">
          <Option virtualFolder="CMake Files\cmake\" />
      </Unit>
      <Unit filename="/home/martin/github/v4r/cmake/V4RFindGlew.cmake">
          <Option virtualFolder="CMake Files\cmake\" />
      </Unit>
      <Unit filename="/home/martin/github/v4r/cmake/V4RFindGLM.cmake">
          <Option virtualFolder="CMake Files\cmake\" />
      </Unit>
      <Unit filename="/home/martin/github/v4r/cmake/V4RFindGlog.cmake">
          <Option virtualFolder="CMake Files\cmake\" />
      </Unit>
      <Unit filename="/home/martin/github/v4r/cmake/V4RFindOpenGL.cmake">
          <Option virtualFolder="CMake Files\cmake\" />
      </Unit>
      <Unit filename="/home/martin/github/v4r/cmake/V4RFindPCL.cmake">
          <Option virtualFolder="CMake Files\cmake\" />
      </Unit>
      <Unit filename="/home/martin/github/v4r/cmake/V4RFindQt.cmake">
          <Option virtualFolder="CMake Files\cmake\" />
      </Unit>
      <Unit filename="/home/martin/github/v4r/cmake/V4RFindOpenCV.cmake">
          <Option virtualFolder="CMake Files\cmake\" />
      </Unit>
      <Unit filename="/home/martin/github/v4r/cmake/V4RFindOpenNI2.cmake">
          <Option virtualFolder="CMake Files\cmake\" />
      </Unit>
      <Unit filename="/home/martin/github/v4r/cmake/V4RFindBoost.cmake">
          <Option virtualFolder="CMake Files\cmake\" />
      </Unit>
      <Unit filename="/home/martin/github/v4r/cmake/V4RFindCaffe.cmake">
          <Option virtualFolder="CMake Files\cmake\" />
      </Unit>
      <Unit filename="/home/martin/github/v4r/cmake/V4RFindEDT.cmake">
          <Option virtualFolder="CMake Files\cmake\" />
      </Unit>
      <Unit filename="/home/martin/github/v4r/cmake/V4RFindSiftGPU.cmake">
          <Option virtualFolder="CMake Files\cmake\" />
      </Unit>
      <Unit filename="/home/martin/github/v4r/cmake/V4RFindMETSlib.cmake">
          <Option virtualFolder="CMake Files\cmake\" />
      </Unit>
      <Unit filename="/home/martin/github/v4r/cmake/V4RFindLIBSVM.cmake">
          <Option virtualFolder="CMake Files\cmake\" />
      </Unit>
      <Unit filename="/home/martin/github/v4r/cmake/V4RExtraTargets.cmake">
          <Option virtualFolder="CMake Files\cmake\" />
      </Unit>
      <Unit filename="/home/martin/github/v4r/cmake/V4RGenHeaders.cmake">
          <Option virtualFolder="CMake Files\cmake\" />
      </Unit>
      <Unit filename="/home/martin/github/v4r/cmake/V4RGenConfig.cmake">
          <Option virtualFolder="CMake Files\cmake\" />
      </Unit>
      <Unit filename="/home/martin/github/v4r/cmake/templates/cmake_uninstall.cmake.in">
          <Option virtualFolder="CMake Files\cmake\templates\" />
      </Unit>
      <Unit filename="/home/martin/github/v4r/cmake/templates/v4r_config.h.in">
          <Option virtualFolder="CMake Files\cmake\templates\" />
      </Unit>
      <Unit filename="/home/martin/github/v4r/cmake/templates/v4r_modules.h.in">
          <Option virtualFolder="CMake Files\cmake\templates\" />
      </Unit>
      <Unit filename="/home/martin/github/v4r/cmake/templates/V4RConfig.cmake.in">
          <Option virtualFolder="CMake Files\cmake\templates\" />
      </Unit>
      <Unit filename="/home/martin/github/v4r/cmake/templates/V4RConfig-version.cmake.in">
          <Option virtualFolder="CMake Files\cmake\templates\" />
      </Unit>
      <Unit filename="/home/martin/github/v4r/cmake/templates/V4RConfig.cmake.in">
          <Option virtualFolder="CMake Files\cmake\templates\" />
      </Unit>
      <Unit filename="/home/martin/github/v4r/cmake/templates/V4RConfig-version.cmake.in">
          <Option virtualFolder="CMake Files\cmake\templates\" />
      </Unit>
      <Unit filename="/home/martin/github/v4r/modules/CMakeLists.txt">
          <Option virtualFolder="CMake Files\modules\" />
      </Unit>
      <Unit filename="/home/martin/github/v4r/modules/core/CMakeLists.txt">
          <Option virtualFolder="CMake Files\modules\core\" />
      </Unit>
      <Unit filename="/home/martin/github/v4r/modules/core/CMakeLists.txt">
          <Option virtualFolder="CMake Files\modules\core\" />
      </Unit>
      <Unit filename="/home/martin/github/v4r/modules/core/CMakeLists.txt">
          <Option virtualFolder="CMake Files\modules\core\" />
      </Unit>
      <Unit filename="/home/martin/github/v4r/modules/core/include/v4r/core/version.h">
          <Option virtualFolder="CMake Files\modules\core\include\v4r\core\" />
      </Unit>
      <Unit filename="/home/martin/github/v4r/modules/change_detection/CMakeLists.txt">
          <Option virtualFolder="CMake Files\modules\change_detection\" />
      </Unit>
      <Unit filename="/home/martin/github/v4r/modules/change_detection/CMakeLists.txt">
          <Option virtualFolder="CMake Files\modules\change_detection\" />
      </Unit>
      <Unit filename="/home/martin/github/v4r/modules/change_detection/CMakeLists.txt">
          <Option virtualFolder="CMake Files\modules\change_detection\" />
      </Unit>
      <Unit filename="/home/martin/github/v4r/modules/common/CMakeLists.txt">
          <Option virtualFolder="CMake Files\modules\common\" />
      </Unit>
      <Unit filename="/home/martin/github/v4r/modules/common/CMakeLists.txt">
          <Option virtualFolder="CMake Files\modules\common\" />
      </Unit>
      <Unit filename="/home/martin/github/v4r/modules/common/CMakeLists.txt">
          <Option virtualFolder="CMake Files\modules\common\" />
      </Unit>
      <Unit filename="/home/martin/github/v4r/modules/features/CMakeLists.txt">
          <Option virtualFolder="CMake Files\modules\features\" />
      </Unit>
      <Unit filename="/home/martin/github/v4r/modules/features/CMakeLists.txt">
          <Option virtualFolder="CMake Files\modules\features\" />
      </Unit>
      <Unit filename="/home/martin/github/v4r/modules/features/CMakeLists.txt">
          <Option virtualFolder="CMake Files\modules\features\" />
      </Unit>
      <Unit filename="/home/martin/github/v4r/modules/io/CMakeLists.txt">
          <Option virtualFolder="CMake Files\modules\io\" />
      </Unit>
      <Unit filename="/home/martin/github/v4r/modules/io/CMakeLists.txt">
          <Option virtualFolder="CMake Files\modules\io\" />
      </Unit>
      <Unit filename="/home/martin/github/v4r/modules/io/CMakeLists.txt">
          <Option virtualFolder="CMake Files\modules\io\" />
      </Unit>
      <Unit filename="/home/martin/github/v4r/modules/keypoints/CMakeLists.txt">
          <Option virtualFolder="CMake Files\modules\keypoints\" />
      </Unit>
      <Unit filename="/home/martin/github/v4r/modules/keypoints/CMakeLists.txt">
          <Option virtualFolder="CMake Files\modules\keypoints\" />
      </Unit>
      <Unit filename="/home/martin/github/v4r/modules/keypoints/CMakeLists.txt">
          <Option virtualFolder="CMake Files\modules\keypoints\" />
      </Unit>
      <Unit filename="/home/martin/github/v4r/modules/ml/CMakeLists.txt">
          <Option virtualFolder="CMake Files\modules\ml\" />
      </Unit>
      <Unit filename="/home/martin/github/v4r/modules/ml/CMakeLists.txt">
          <Option virtualFolder="CMake Files\modules\ml\" />
      </Unit>
      <Unit filename="/home/martin/github/v4r/modules/ml/CMakeLists.txt">
          <Option virtualFolder="CMake Files\modules\ml\" />
      </Unit>
      <Unit filename="/home/martin/github/v4r/modules/object_modelling/CMakeLists.txt">
          <Option virtualFolder="CMake Files\modules\object_modelling\" />
      </Unit>
      <Unit filename="/home/martin/github/v4r/modules/object_modelling/CMakeLists.txt">
          <Option virtualFolder="CMake Files\modules\object_modelling\" />
      </Unit>
      <Unit filename="/home/martin/github/v4r/modules/object_modelling/CMakeLists.txt">
          <Option virtualFolder="CMake Files\modules\object_modelling\" />
      </Unit>
      <Unit filename="/home/martin/github/v4r/modules/own/CMakeLists.txt">
          <Option virtualFolder="CMake Files\modules\own\" />
      </Unit>
      <Unit filename="/home/martin/github/v4r/modules/own/CMakeLists.txt">
          <Option virtualFolder="CMake Files\modules\own\" />
      </Unit>
      <Unit filename="/home/martin/github/v4r/modules/own/CMakeLists.txt">
          <Option virtualFolder="CMake Files\modules\own\" />
      </Unit>
      <Unit filename="/home/martin/github/v4r/modules/recognition/CMakeLists.txt">
          <Option virtualFolder="CMake Files\modules\recognition\" />
      </Unit>
      <Unit filename="/home/martin/github/v4r/modules/recognition/CMakeLists.txt">
          <Option virtualFolder="CMake Files\modules\recognition\" />
      </Unit>
      <Unit filename="/home/martin/github/v4r/modules/recognition/CMakeLists.txt">
          <Option virtualFolder="CMake Files\modules\recognition\" />
      </Unit>
      <Unit filename="/home/martin/github/v4r/modules/reconstruction/CMakeLists.txt">
          <Option virtualFolder="CMake Files\modules\reconstruction\" />
      </Unit>
      <Unit filename="/home/martin/github/v4r/modules/reconstruction/CMakeLists.txt">
          <Option virtualFolder="CMake Files\modules\reconstruction\" />
      </Unit>
      <Unit filename="/home/martin/github/v4r/modules/reconstruction/CMakeLists.txt">
          <Option virtualFolder="CMake Files\modules\reconstruction\" />
      </Unit>
      <Unit filename="/home/martin/github/v4r/modules/registration/CMakeLists.txt">
          <Option virtualFolder="CMake Files\modules\registration\" />
      </Unit>
      <Unit filename="/home/martin/github/v4r/modules/registration/CMakeLists.txt">
          <Option virtualFolder="CMake Files\modules\registration\" />
      </Unit>
      <Unit filename="/home/martin/github/v4r/modules/registration/CMakeLists.txt">
          <Option virtualFolder="CMake Files\modules\registration\" />
      </Unit>
      <Unit filename="/home/martin/github/v4r/modules/rendering/CMakeLists.txt">
          <Option virtualFolder="CMake Files\modules\rendering\" />
      </Unit>
      <Unit filename="/home/martin/github/v4r/modules/rendering/CMakeLists.txt">
          <Option virtualFolder="CMake Files\modules\rendering\" />
      </Unit>
      <Unit filename="/home/martin/github/v4r/modules/rendering/CMakeLists.txt">
          <Option virtualFolder="CMake Files\modules\rendering\" />
      </Unit>
      <Unit filename="/home/martin/github/v4r/modules/segmentation/CMakeLists.txt">
          <Option virtualFolder="CMake Files\modules\segmentation\" />
      </Unit>
      <Unit filename="/home/martin/github/v4r/modules/segmentation/CMakeLists.txt">
          <Option virtualFolder="CMake Files\modules\segmentation\" />
      </Unit>
      <Unit filename="/home/martin/github/v4r/modules/segmentation/CMakeLists.txt">
          <Option virtualFolder="CMake Files\modules\segmentation\" />
      </Unit>
      <Unit filename="/home/martin/github/v4r/modules/tracking/CMakeLists.txt">
          <Option virtualFolder="CMake Files\modules\tracking\" />
      </Unit>
      <Unit filename="/home/martin/github/v4r/../../../../usr/local/share/Ceres/CeresConfigVersion.cmake">
          <Option virtualFolder="CMake Files\..\..\..\..\usr\local\share\Ceres\" />
      </Unit>
      <Unit filename="/home/martin/github/v4r/../../../../usr/local/share/Ceres/CeresConfig.cmake">
          <Option virtualFolder="CMake Files\..\..\..\..\usr\local\share\Ceres\" />
      </Unit>
      <Unit filename="/home/martin/github/v4r/../../../../usr/local/share/Ceres/FindEigen.cmake">
          <Option virtualFolder="CMake Files\..\..\..\..\usr\local\share\Ceres\" />
      </Unit>
      <Unit filename="/home/martin/github/v4r/../../../../usr/local/share/Ceres/FindGlog.cmake">
          <Option virtualFolder="CMake Files\..\..\..\..\usr\local\share\Ceres\" />
      </Unit>
      <Unit filename="/home/martin/github/v4r/../../../../usr/local/share/Ceres/CeresTargets.cmake">
          <Option virtualFolder="CMake Files\..\..\..\..\usr\local\share\Ceres\" />
      </Unit>
      <Unit filename="/home/martin/github/v4r/../../../../usr/local/share/Ceres/CeresTargets-release.cmake">
          <Option virtualFolder="CMake Files\..\..\..\..\usr\local\share\Ceres\" />
      </Unit>
      <Unit filename="/home/martin/github/v4r/../../../../usr/lib/x86_64-linux-gnu/cmake/pcl/PCLConfigVersion.cmake">
          <Option virtualFolder="CMake Files\..\..\..\..\usr\lib\x86_64-linux-gnu\cmake\pcl\" />
      </Unit>
      <Unit filename="/home/martin/github/v4r/../../../../usr/lib/x86_64-linux-gnu/cmake/pcl/PCLConfig.cmake">
          <Option virtualFolder="CMake Files\..\..\..\..\usr\lib\x86_64-linux-gnu\cmake\pcl\" />
      </Unit>
      <Unit filename="/home/martin/github/v4r/../../../../usr/lib/x86_64-linux-gnu/cmake/Qt5Widgets/Qt5WidgetsConfigVersion.cmake">
          <Option virtualFolder="CMake Files\..\..\..\..\usr\lib\x86_64-linux-gnu\cmake\Qt5Widgets\" />
      </Unit>
      <Unit filename="/home/martin/github/v4r/../../../../usr/lib/x86_64-linux-gnu/cmake/Qt5Widgets/Qt5WidgetsConfig.cmake">
          <Option virtualFolder="CMake Files\..\..\..\..\usr\lib\x86_64-linux-gnu\cmake\Qt5Widgets\" />
      </Unit>
      <Unit filename="/home/martin/github/v4r/../../../../usr/lib/x86_64-linux-gnu/cmake/Qt5Widgets/Qt5WidgetsConfigExtras.cmake">
          <Option virtualFolder="CMake Files\..\..\..\..\usr\lib\x86_64-linux-gnu\cmake\Qt5Widgets\" />
      </Unit>
      <Unit filename="/home/martin/github/v4r/../../../../usr/lib/x86_64-linux-gnu/cmake/Qt5Widgets/Qt5WidgetsMacros.cmake">
          <Option virtualFolder="CMake Files\..\..\..\..\usr\lib\x86_64-linux-gnu\cmake\Qt5Widgets\" />
      </Unit>
      <Unit filename="/home/martin/github/v4r/../../../../usr/lib/x86_64-linux-gnu/cmake/Qt5Widgets/Qt5WidgetsConfigVersion.cmake">
          <Option virtualFolder="CMake Files\..\..\..\..\usr\lib\x86_64-linux-gnu\cmake\Qt5Widgets\" />
      </Unit>
      <Unit filename="/home/martin/github/v4r/../../../../usr/lib/x86_64-linux-gnu/cmake/Qt5Widgets/Qt5WidgetsConfig.cmake">
          <Option virtualFolder="CMake Files\..\..\..\..\usr\lib\x86_64-linux-gnu\cmake\Qt5Widgets\" />
      </Unit>
      <Unit filename="/home/martin/github/v4r/../../../../usr/lib/x86_64-linux-gnu/cmake/Qt5Widgets/Qt5WidgetsConfigVersion.cmake">
          <Option virtualFolder="CMake Files\..\..\..\..\usr\lib\x86_64-linux-gnu\cmake\Qt5Widgets\" />
      </Unit>
      <Unit filename="/home/martin/github/v4r/../../../../usr/lib/x86_64-linux-gnu/cmake/Qt5Widgets/Qt5WidgetsConfig.cmake">
          <Option virtualFolder="CMake Files\..\..\..\..\usr\lib\x86_64-linux-gnu\cmake\Qt5Widgets\" />
      </Unit>
      <Unit filename="/home/martin/github/v4r/../../../../usr/lib/x86_64-linux-gnu/cmake/Qt5Widgets/Qt5WidgetsConfigVersion.cmake">
          <Option virtualFolder="CMake Files\..\..\..\..\usr\lib\x86_64-linux-gnu\cmake\Qt5Widgets\" />
      </Unit>
      <Unit filename="/home/martin/github/v4r/../../../../usr/lib/x86_64-linux-gnu/cmake/Qt5Widgets/Qt5WidgetsConfig.cmake">
          <Option virtualFolder="CMake Files\..\..\..\..\usr\lib\x86_64-linux-gnu\cmake\Qt5Widgets\" />
      </Unit>
      <Unit filename="/home/martin/github/v4r/../../../../usr/lib/x86_64-linux-gnu/cmake/Qt5Gui/Qt5GuiConfigVersion.cmake">
          <Option virtualFolder="CMake Files\..\..\..\..\usr\lib\x86_64-linux-gnu\cmake\Qt5Gui\" />
      </Unit>
      <Unit filename="/home/martin/github/v4r/../../../../usr/lib/x86_64-linux-gnu/cmake/Qt5Gui/Qt5GuiConfig.cmake">
          <Option virtualFolder="CMake Files\..\..\..\..\usr\lib\x86_64-linux-gnu\cmake\Qt5Gui\" />
      </Unit>
      <Unit filename="/home/martin/github/v4r/../../../../usr/lib/x86_64-linux-gnu/cmake/Qt5Gui/Qt5GuiConfigExtras.cmake">
          <Option virtualFolder="CMake Files\..\..\..\..\usr\lib\x86_64-linux-gnu\cmake\Qt5Gui\" />
      </Unit>
      <Unit filename="/home/martin/github/v4r/../../../../usr/lib/x86_64-linux-gnu/cmake/Qt5Core/Qt5CoreConfigVersion.cmake">
          <Option virtualFolder="CMake Files\..\..\..\..\usr\lib\x86_64-linux-gnu\cmake\Qt5Core\" />
      </Unit>
      <Unit filename="/home/martin/github/v4r/../../../../usr/lib/x86_64-linux-gnu/cmake/Qt5Core/Qt5CoreConfig.cmake">
          <Option virtualFolder="CMake Files\..\..\..\..\usr\lib\x86_64-linux-gnu\cmake\Qt5Core\" />
      </Unit>
      <Unit filename="/home/martin/github/v4r/../../../../usr/lib/x86_64-linux-gnu/cmake/Qt5Core/Qt5CoreConfigExtras.cmake">
          <Option virtualFolder="CMake Files\..\..\..\..\usr\lib\x86_64-linux-gnu\cmake\Qt5Core\" />
      </Unit>
      <Unit filename="/home/martin/github/v4r/../../../../usr/lib/x86_64-linux-gnu/cmake/Qt5Core/Qt5CoreConfigExtrasMkspecDir.cmake">
          <Option virtualFolder="CMake Files\..\..\..\..\usr\lib\x86_64-linux-gnu\cmake\Qt5Core\" />
      </Unit>
      <Unit filename="/home/martin/github/v4r/../../../../usr/lib/x86_64-linux-gnu/cmake/Qt5Core/Qt5CoreMacros.cmake">
          <Option virtualFolder="CMake Files\..\..\..\..\usr\lib\x86_64-linux-gnu\cmake\Qt5Core\" />
      </Unit>
      <Unit filename="/home/martin/github/v4r/../../../../usr/lib/x86_64-linux-gnu/cmake/Qt5OpenGL/Qt5OpenGLConfigVersion.cmake">
          <Option virtualFolder="CMake Files\..\..\..\..\usr\lib\x86_64-linux-gnu\cmake\Qt5OpenGL\" />
      </Unit>
      <Unit filename="/home/martin/github/v4r/../../../../usr/lib/x86_64-linux-gnu/cmake/Qt5OpenGL/Qt5OpenGLConfig.cmake">
          <Option virtualFolder="CMake Files\..\..\..\..\usr\lib\x86_64-linux-gnu\cmake\Qt5OpenGL\" />
      </Unit>
      <Unit filename="/home/martin/github/v4r/../../../../usr/lib/x86_64-linux-gnu/cmake/Qt5Sql/Qt5SqlConfigVersion.cmake">
          <Option virtualFolder="CMake Files\..\..\..\..\usr\lib\x86_64-linux-gnu\cmake\Qt5Sql\" />
      </Unit>
      <Unit filename="/home/martin/github/v4r/../../../../usr/lib/x86_64-linux-gnu/cmake/Qt5Sql/Qt5SqlConfig.cmake">
          <Option virtualFolder="CMake Files\..\..\..\..\usr\lib\x86_64-linux-gnu\cmake\Qt5Sql\" />
      </Unit>
      <Unit filename="/home/martin/github/v4r/../../../../usr/lib/x86_64-linux-gnu/cmake/Qt5WebKitWidgets/Qt5WebKitWidgetsConfigVersion.cmake">
          <Option virtualFolder="CMake Files\..\..\..\..\usr\lib\x86_64-linux-gnu\cmake\Qt5WebKitWidgets\" />
      </Unit>
      <Unit filename="/home/martin/github/v4r/../../../../usr/lib/x86_64-linux-gnu/cmake/Qt5WebKitWidgets/Qt5WebKitWidgetsConfig.cmake">
          <Option virtualFolder="CMake Files\..\..\..\..\usr\lib\x86_64-linux-gnu\cmake\Qt5WebKitWidgets\" />
      </Unit>
      <Unit filename="/home/martin/github/v4r/../../../../usr/lib/x86_64-linux-gnu/cmake/Qt5WebKit/Qt5WebKitConfigVersion.cmake">
          <Option virtualFolder="CMake Files\..\..\..\..\usr\lib\x86_64-linux-gnu\cmake\Qt5WebKit\" />
      </Unit>
      <Unit filename="/home/martin/github/v4r/../../../../usr/lib/x86_64-linux-gnu/cmake/Qt5WebKit/Qt5WebKitConfig.cmake">
          <Option virtualFolder="CMake Files\..\..\..\..\usr\lib\x86_64-linux-gnu\cmake\Qt5WebKit\" />
      </Unit>
      <Unit filename="/home/martin/github/v4r/../../../../usr/lib/x86_64-linux-gnu/cmake/Qt5Network/Qt5NetworkConfigVersion.cmake">
          <Option virtualFolder="CMake Files\..\..\..\..\usr\lib\x86_64-linux-gnu\cmake\Qt5Network\" />
      </Unit>
      <Unit filename="/home/martin/github/v4r/../../../../usr/lib/x86_64-linux-gnu/cmake/Qt5Network/Qt5NetworkConfig.cmake">
          <Option virtualFolder="CMake Files\..\..\..\..\usr\lib\x86_64-linux-gnu\cmake\Qt5Network\" />
      </Unit>
      <Unit filename="/home/martin/github/v4r/../../../../usr/lib/cmake/vtk-6.2/VTKConfigVersion.cmake">
          <Option virtualFolder="CMake Files\..\..\..\..\usr\lib\cmake\vtk-6.2\" />
      </Unit>
      <Unit filename="/home/martin/github/v4r/../../../../usr/lib/cmake/vtk-6.2/VTKConfig.cmake">
          <Option virtualFolder="CMake Files\..\..\..\..\usr\lib\cmake\vtk-6.2\" />
      </Unit>
      <Unit filename="/home/martin/github/v4r/../../../../usr/lib/cmake/vtk-6.2/VTKTargets.cmake">
          <Option virtualFolder="CMake Files\..\..\..\..\usr\lib\cmake\vtk-6.2\" />
      </Unit>
      <Unit filename="/home/martin/github/v4r/../../../../usr/lib/cmake/vtk-6.2/VTKTargets-none.cmake">
          <Option virtualFolder="CMake Files\..\..\..\..\usr\lib\cmake\vtk-6.2\" />
      </Unit>
      <Unit filename="/home/martin/github/v4r/../../../../usr/lib/cmake/vtk-6.2/vtkModuleAPI.cmake">
          <Option virtualFolder="CMake Files\..\..\..\..\usr\lib\cmake\vtk-6.2\" />
      </Unit>
      <Unit filename="/home/martin/github/v4r/../../../../usr/lib/cmake/vtk-6.2/UseVTK.cmake">
          <Option virtualFolder="CMake Files\..\..\..\..\usr\lib\cmake\vtk-6.2\" />
      </Unit>
      <Unit filename="/home/martin/github/v4r/../../../../usr/lib/cmake/vtk-6.2/VTKConfigVersion.cmake">
          <Option virtualFolder="CMake Files\..\..\..\..\usr\lib\cmake\vtk-6.2\" />
      </Unit>
      <Unit filename="/home/martin/github/v4r/../../../../usr/lib/cmake/vtk-6.2/VTKConfig.cmake">
          <Option virtualFolder="CMake Files\..\..\..\..\usr\lib\cmake\vtk-6.2\" />
      </Unit>
      <Unit filename="/home/martin/github/v4r/../../../../usr/lib/cmake/vtk-6.2/vtkModuleAPI.cmake">
          <Option virtualFolder="CMake Files\..\..\..\..\usr\lib\cmake\vtk-6.2\" />
      </Unit>
      <Unit filename="/home/martin/github/v4r/../../../../usr/lib/cmake/vtk-6.2/UseVTK.cmake">
          <Option virtualFolder="CMake Files\..\..\..\..\usr\lib\cmake\vtk-6.2\" />
      </Unit>
      <Unit filename="/home/martin/github/v4r/../../../../usr/lib/cmake/vtk-6.2/VTKConfigVersion.cmake">
          <Option virtualFolder="CMake Files\..\..\..\..\usr\lib\cmake\vtk-6.2\" />
      </Unit>
      <Unit filename="/home/martin/github/v4r/../../../../usr/lib/cmake/vtk-6.2/VTKConfig.cmake">
          <Option virtualFolder="CMake Files\..\..\..\..\usr\lib\cmake\vtk-6.2\" />
      </Unit>
      <Unit filename="/home/martin/github/v4r/../../../../usr/lib/cmake/vtk-6.2/vtkModuleAPI.cmake">
          <Option virtualFolder="CMake Files\..\..\..\..\usr\lib\cmake\vtk-6.2\" />
      </Unit>
      <Unit filename="/home/martin/github/v4r/../../../../usr/lib/cmake/vtk-6.2/UseVTK.cmake">
          <Option virtualFolder="CMake Files\..\..\..\..\usr\lib\cmake\vtk-6.2\" />
      </Unit>
      <Unit filename="/home/martin/github/v4r/../../../../usr/lib/cmake/vtk-6.2/Modules/vtkFiltersProgrammable.cmake">
          <Option virtualFolder="CMake Files\..\..\..\..\usr\lib\cmake\vtk-6.2\Modules\" />
      </Unit>
      <Unit filename="/home/martin/github/v4r/../../../../usr/lib/cmake/vtk-6.2/Modules/vtkCommonExecutionModel.cmake">
          <Option virtualFolder="CMake Files\..\..\..\..\usr\lib\cmake\vtk-6.2\Modules\" />
      </Unit>
      <Unit filename="/home/martin/github/v4r/../../../../usr/lib/cmake/vtk-6.2/Modules/vtkCommonDataModel.cmake">
          <Option virtualFolder="CMake Files\..\..\..\..\usr\lib\cmake\vtk-6.2\Modules\" />
      </Unit>
      <Unit filename="/home/martin/github/v4r/../../../../usr/lib/cmake/vtk-6.2/Modules/vtkCommonMath.cmake">
          <Option virtualFolder="CMake Files\..\..\..\..\usr\lib\cmake\vtk-6.2\Modules\" />
      </Unit>
      <Unit filename="/home/martin/github/v4r/../../../../usr/lib/cmake/vtk-6.2/Modules/vtkCommonCore.cmake">
          <Option virtualFolder="CMake Files\..\..\..\..\usr\lib\cmake\vtk-6.2\Modules\" />
      </Unit>
      <Unit filename="/home/martin/github/v4r/../../../../usr/lib/cmake/vtk-6.2/Modules/vtksys.cmake">
          <Option virtualFolder="CMake Files\..\..\..\..\usr\lib\cmake\vtk-6.2\Modules\" />
      </Unit>
      <Unit filename="/home/martin/github/v4r/../../../../usr/lib/cmake/vtk-6.2/Modules/vtkCommonMisc.cmake">
          <Option virtualFolder="CMake Files\..\..\..\..\usr\lib\cmake\vtk-6.2\Modules\" />
      </Unit>
      <Unit filename="/home/martin/github/v4r/../../../../usr/lib/cmake/vtk-6.2/Modules/vtkCommonSystem.cmake">
          <Option virtualFolder="CMake Files\..\..\..\..\usr\lib\cmake\vtk-6.2\Modules\" />
      </Unit>
      <Unit filename="/home/martin/github/v4r/../../../../usr/lib/cmake/vtk-6.2/Modules/vtkCommonTransforms.cmake">
          <Option virtualFolder="CMake Files\..\..\..\..\usr\lib\cmake\vtk-6.2\Modules\" />
      </Unit>
      <Unit filename="/home/martin/github/v4r/../../../../usr/lib/cmake/vtk-6.2/Modules/vtkoggtheora.cmake">
          <Option virtualFolder="CMake Files\..\..\..\..\usr\lib\cmake\vtk-6.2\Modules\" />
      </Unit>
      <Unit filename="/home/martin/github/v4r/../../../../usr/lib/cmake/vtk-6.2/Modules/vtklibxml2.cmake">
          <Option virtualFolder="CMake Files\..\..\..\..\usr\lib\cmake\vtk-6.2\Modules\" />
      </Unit>
      <Unit filename="/home/martin/github/v4r/../../../../usr/lib/cmake/vtk-6.2/Modules/vtkzlib.cmake">
          <Option virtualFolder="CMake Files\..\..\..\..\usr\lib\cmake\vtk-6.2\Modules\" />
      </Unit>
      <Unit filename="/home/martin/github/v4r/../../../../usr/lib/cmake/vtk-6.2/Modules/vtkTestingGenericBridge.cmake">
          <Option virtualFolder="CMake Files\..\..\..\..\usr\lib\cmake\vtk-6.2\Modules\" />
      </Unit>
      <Unit filename="/home/martin/github/v4r/../../../../usr/lib/cmake/vtk-6.2/Modules/vtkFiltersParallelFlowPaths.cmake">
          <Option virtualFolder="CMake Files\..\..\..\..\usr\lib\cmake\vtk-6.2\Modules\" />
      </Unit>
      <Unit filename="/home/martin/github/v4r/../../../../usr/lib/cmake/vtk-6.2/Modules/vtkFiltersAMR.cmake">
          <Option virtualFolder="CMake Files\..\..\..\..\usr\lib\cmake\vtk-6.2\Modules\" />
      </Unit>
      <Unit filename="/home/martin/github/v4r/../../../../usr/lib/cmake/vtk-6.2/Modules/vtkFiltersGeneral.cmake">
          <Option virtualFolder="CMake Files\..\..\..\..\usr\lib\cmake\vtk-6.2\Modules\" />
      </Unit>
      <Unit filename="/home/martin/github/v4r/../../../../usr/lib/cmake/vtk-6.2/Modules/vtkCommonComputationalGeometry.cmake">
          <Option virtualFolder="CMake Files\..\..\..\..\usr\lib\cmake\vtk-6.2\Modules\" />
      </Unit>
      <Unit filename="/home/martin/github/v4r/../../../../usr/lib/cmake/vtk-6.2/Modules/vtkFiltersCore.cmake">
          <Option virtualFolder="CMake Files\..\..\..\..\usr\lib\cmake\vtk-6.2\Modules\" />
      </Unit>
      <Unit filename="/home/martin/github/v4r/../../../../usr/lib/cmake/vtk-6.2/Modules/vtkParallelCore.cmake">
          <Option virtualFolder="CMake Files\..\..\..\..\usr\lib\cmake\vtk-6.2\Modules\" />
      </Unit>
      <Unit filename="/home/martin/github/v4r/../../../../usr/lib/cmake/vtk-6.2/Modules/vtkIOLegacy.cmake">
          <Option virtualFolder="CMake Files\..\..\..\..\usr\lib\cmake\vtk-6.2\Modules\" />
      </Unit>
      <Unit filename="/home/martin/github/v4r/../../../../usr/lib/cmake/vtk-6.2/Modules/vtkIOCore.cmake">
          <Option virtualFolder="CMake Files\..\..\..\..\usr\lib\cmake\vtk-6.2\Modules\" />
      </Unit>
      <Unit filename="/home/martin/github/v4r/../../../../usr/lib/cmake/vtk-6.2/Modules/vtkUtilitiesHashSource.cmake">
          <Option virtualFolder="CMake Files\..\..\..\..\usr\lib\cmake\vtk-6.2\Modules\" />
      </Unit>
      <Unit filename="/home/martin/github/v4r/../../../../usr/lib/cmake/vtk-6.2/Modules/vtkFiltersFlowPaths.cmake">
          <Option virtualFolder="CMake Files\..\..\..\..\usr\lib\cmake\vtk-6.2\Modules\" />
      </Unit>
      <Unit filename="/home/martin/github/v4r/../../../../usr/lib/cmake/vtk-6.2/Modules/vtkFiltersSources.cmake">
          <Option virtualFolder="CMake Files\..\..\..\..\usr\lib\cmake\vtk-6.2\Modules\" />
      </Unit>
      <Unit filename="/home/martin/github/v4r/../../../../usr/lib/cmake/vtk-6.2/Modules/vtkParallelMPI.cmake">
          <Option virtualFolder="CMake Files\..\..\..\..\usr\lib\cmake\vtk-6.2\Modules\" />
      </Unit>
      <Unit filename="/home/martin/github/v4r/../../../../usr/lib/cmake/vtk-6.2/Modules/vtkexodusII.cmake">
          <Option virtualFolder="CMake Files\..\..\..\..\usr\lib\cmake\vtk-6.2\Modules\" />
      </Unit>
      <Unit filename="/home/martin/github/v4r/../../../../usr/lib/cmake/vtk-6.2/Modules/vtknetcdf.cmake">
          <Option virtualFolder="CMake Files\..\..\..\..\usr\lib\cmake\vtk-6.2\Modules\" />
      </Unit>
      <Unit filename="/home/martin/github/v4r/../../../../usr/lib/cmake/vtk-6.2/Modules/vtkhdf5.cmake">
          <Option virtualFolder="CMake Files\..\..\..\..\usr\lib\cmake\vtk-6.2\Modules\" />
      </Unit>
      <Unit filename="/home/martin/github/v4r/../../../../usr/lib/cmake/vtk-6.2/Modules/vtkRenderingMatplotlib.cmake">
          <Option virtualFolder="CMake Files\..\..\..\..\usr\lib\cmake\vtk-6.2\Modules\" />
      </Unit>
      <Unit filename="/home/martin/github/v4r/../../../../usr/lib/cmake/vtk-6.2/Modules/vtkImagingCore.cmake">
          <Option virtualFolder="CMake Files\..\..\..\..\usr\lib\cmake\vtk-6.2\Modules\" />
      </Unit>
      <Unit filename="/home/martin/github/v4r/../../../../usr/lib/cmake/vtk-6.2/Modules/vtkPythonInterpreter.cmake">
          <Option virtualFolder="CMake Files\..\..\..\..\usr\lib\cmake\vtk-6.2\Modules\" />
      </Unit>
      <Unit filename="/home/martin/github/v4r/../../../../usr/lib/cmake/vtk-6.2/Modules/vtkPython.cmake">
          <Option virtualFolder="CMake Files\..\..\..\..\usr\lib\cmake\vtk-6.2\Modules\" />
      </Unit>
      <Unit filename="/home/martin/github/v4r/../../../../usr/lib/cmake/vtk-6.2/Modules/vtkRenderingCore.cmake">
          <Option virtualFolder="CMake Files\..\..\..\..\usr\lib\cmake\vtk-6.2\Modules\" />
      </Unit>
      <Unit filename="/home/martin/github/v4r/../../../../usr/lib/cmake/vtk-6.2/Modules/vtkCommonColor.cmake">
          <Option virtualFolder="CMake Files\..\..\..\..\usr\lib\cmake\vtk-6.2\Modules\" />
      </Unit>
      <Unit filename="/home/martin/github/v4r/../../../../usr/lib/cmake/vtk-6.2/Modules/vtkFiltersExtraction.cmake">
          <Option virtualFolder="CMake Files\..\..\..\..\usr\lib\cmake\vtk-6.2\Modules\" />
      </Unit>
      <Unit filename="/home/martin/github/v4r/../../../../usr/lib/cmake/vtk-6.2/Modules/vtkFiltersStatistics.cmake">
          <Option virtualFolder="CMake Files\..\..\..\..\usr\lib\cmake\vtk-6.2\Modules\" />
      </Unit>
      <Unit filename="/home/martin/github/v4r/../../../../usr/lib/cmake/vtk-6.2/Modules/vtkImagingFourier.cmake">
          <Option virtualFolder="CMake Files\..\..\..\..\usr\lib\cmake\vtk-6.2\Modules\" />
      </Unit>
      <Unit filename="/home/martin/github/v4r/../../../../usr/lib/cmake/vtk-6.2/Modules/vtkalglib.cmake">
          <Option virtualFolder="CMake Files\..\..\..\..\usr\lib\cmake\vtk-6.2\Modules\" />
      </Unit>
      <Unit filename="/home/martin/github/v4r/../../../../usr/lib/cmake/vtk-6.2/Modules/vtkFiltersGeometry.cmake">
          <Option virtualFolder="CMake Files\..\..\..\..\usr\lib\cmake\vtk-6.2\Modules\" />
      </Unit>
      <Unit filename="/home/martin/github/v4r/../../../../usr/lib/cmake/vtk-6.2/Modules/vtkRenderingFreeType.cmake">
          <Option virtualFolder="CMake Files\..\..\..\..\usr\lib\cmake\vtk-6.2\Modules\" />
      </Unit>
      <Unit filename="/home/martin/github/v4r/../../../../usr/lib/cmake/vtk-6.2/Modules/vtkfreetype.cmake">
          <Option virtualFolder="CMake Files\..\..\..\..\usr\lib\cmake\vtk-6.2\Modules\" />
      </Unit>
      <Unit filename="/home/martin/github/v4r/../../../../usr/lib/cmake/vtk-6.2/Modules/vtkftgl.cmake">
          <Option virtualFolder="CMake Files\..\..\..\..\usr\lib\cmake\vtk-6.2\Modules\" />
      </Unit>
      <Unit filename="/home/martin/github/v4r/../../../../usr/lib/cmake/vtk-6.2/Modules/vtkWrappingPythonCore.cmake">
          <Option virtualFolder="CMake Files\..\..\..\..\usr\lib\cmake\vtk-6.2\Modules\" />
      </Unit>
      <Unit filename="/home/martin/github/v4r/../../../../usr/lib/cmake/vtk-6.2/Modules/vtkWrappingTools.cmake">
          <Option virtualFolder="CMake Files\..\..\..\..\usr\lib\cmake\vtk-6.2\Modules\" />
      </Unit>
      <Unit filename="/home/martin/github/v4r/../../../../usr/lib/cmake/vtk-6.2/Modules/vtkInteractionWidgets.cmake">
          <Option virtualFolder="CMake Files\..\..\..\..\usr\lib\cmake\vtk-6.2\Modules\" />
      </Unit>
      <Unit filename="/home/martin/github/v4r/../../../../usr/lib/cmake/vtk-6.2/Modules/vtkFiltersHybrid.cmake">
          <Option virtualFolder="CMake Files\..\..\..\..\usr\lib\cmake\vtk-6.2\Modules\" />
      </Unit>
      <Unit filename="/home/martin/github/v4r/../../../../usr/lib/cmake/vtk-6.2/Modules/vtkImagingSources.cmake">
          <Option virtualFolder="CMake Files\..\..\..\..\usr\lib\cmake\vtk-6.2\Modules\" />
      </Unit>
      <Unit filename="/home/martin/github/v4r/../../../../usr/lib/cmake/vtk-6.2/Modules/vtkFiltersModeling.cmake">
          <Option virtualFolder="CMake Files\..\..\..\..\usr\lib\cmake\vtk-6.2\Modules\" />
      </Unit>
      <Unit filename="/home/martin/github/v4r/../../../../usr/lib/cmake/vtk-6.2/Modules/vtkImagingGeneral.cmake">
          <Option virtualFolder="CMake Files\..\..\..\..\usr\lib\cmake\vtk-6.2\Modules\" />
      </Unit>
      <Unit filename="/home/martin/github/v4r/../../../../usr/lib/cmake/vtk-6.2/Modules/vtkImagingHybrid.cmake">
          <Option virtualFolder="CMake Files\..\..\..\..\usr\lib\cmake\vtk-6.2\Modules\" />
      </Unit>
      <Unit filename="/home/martin/github/v4r/../../../../usr/lib/cmake/vtk-6.2/Modules/vtkIOImage.cmake">
          <Option virtualFolder="CMake Files\..\..\..\..\usr\lib\cmake\vtk-6.2\Modules\" />
      </Unit>
      <Unit filename="/home/martin/github/v4r/../../../../usr/lib/cmake/vtk-6.2/Modules/vtkDICOMParser.cmake">
          <Option virtualFolder="CMake Files\..\..\..\..\usr\lib\cmake\vtk-6.2\Modules\" />
      </Unit>
      <Unit filename="/home/martin/github/v4r/../../../../usr/lib/cmake/vtk-6.2/Modules/vtkMetaIO.cmake">
          <Option virtualFolder="CMake Files\..\..\..\..\usr\lib\cmake\vtk-6.2\Modules\" />
      </Unit>
      <Unit filename="/home/martin/github/v4r/../../../../usr/lib/cmake/vtk-6.2/Modules/vtkjpeg.cmake">
          <Option virtualFolder="CMake Files\..\..\..\..\usr\lib\cmake\vtk-6.2\Modules\" />
      </Unit>
      <Unit filename="/home/martin/github/v4r/../../../../usr/lib/cmake/vtk-6.2/Modules/vtkpng.cmake">
          <Option virtualFolder="CMake Files\..\..\..\..\usr\lib\cmake\vtk-6.2\Modules\" />
      </Unit>
      <Unit filename="/home/martin/github/v4r/../../../../usr/lib/cmake/vtk-6.2/Modules/vtktiff.cmake">
          <Option virtualFolder="CMake Files\..\..\..\..\usr\lib\cmake\vtk-6.2\Modules\" />
      </Unit>
      <Unit filename="/home/martin/github/v4r/../../../../usr/lib/cmake/vtk-6.2/Modules/vtkInteractionStyle.cmake">
          <Option virtualFolder="CMake Files\..\..\..\..\usr\lib\cmake\vtk-6.2\Modules\" />
      </Unit>
      <Unit filename="/home/martin/github/v4r/../../../../usr/lib/cmake/vtk-6.2/Modules/vtkRenderingAnnotation.cmake">
          <Option virtualFolder="CMake Files\..\..\..\..\usr\lib\cmake\vtk-6.2\Modules\" />
      </Unit>
      <Unit filename="/home/martin/github/v4r/../../../../usr/lib/cmake/vtk-6.2/Modules/vtkImagingColor.cmake">
          <Option virtualFolder="CMake Files\..\..\..\..\usr\lib\cmake\vtk-6.2\Modules\" />
      </Unit>
      <Unit filename="/home/martin/github/v4r/../../../../usr/lib/cmake/vtk-6.2/Modules/vtkRenderingVolume.cmake">
          <Option virtualFolder="CMake Files\..\..\..\..\usr\lib\cmake\vtk-6.2\Modules\" />
      </Unit>
      <Unit filename="/home/martin/github/v4r/../../../../usr/lib/cmake/vtk-6.2/Modules/vtkGUISupportQt.cmake">
          <Option virtualFolder="CMake Files\..\..\..\..\usr\lib\cmake\vtk-6.2\Modules\" />
      </Unit>
      <Unit filename="/home/martin/github/v4r/../../../../usr/lib/cmake/vtk-6.2/Modules/vtkRenderingOpenGL.cmake">
          <Option virtualFolder="CMake Files\..\..\..\..\usr\lib\cmake\vtk-6.2\Modules\" />
      </Unit>
      <Unit filename="/home/martin/github/v4r/../../../../usr/lib/cmake/vtk-6.2/Modules/vtkParseOGLExt.cmake">
          <Option virtualFolder="CMake Files\..\..\..\..\usr\lib\cmake\vtk-6.2\Modules\" />
      </Unit>
      <Unit filename="/home/martin/github/v4r/../../../../usr/lib/cmake/vtk-6.2/Modules/vtkUtilitiesEncodeString.cmake">
          <Option virtualFolder="CMake Files\..\..\..\..\usr\lib\cmake\vtk-6.2\Modules\" />
      </Unit>
      <Unit filename="/home/martin/github/v4r/../../../../usr/lib/cmake/vtk-6.2/Modules/vtksqlite.cmake">
          <Option virtualFolder="CMake Files\..\..\..\..\usr\lib\cmake\vtk-6.2\Modules\" />
      </Unit>
      <Unit filename="/home/martin/github/v4r/../../../../usr/lib/cmake/vtk-6.2/Modules/vtkGUISupportQtOpenGL.cmake">
          <Option virtualFolder="CMake Files\..\..\..\..\usr\lib\cmake\vtk-6.2\Modules\" />
      </Unit>
      <Unit filename="/home/martin/github/v4r/../../../../usr/lib/cmake/vtk-6.2/Modules/vtkRenderingContext2D.cmake">
          <Option virtualFolder="CMake Files\..\..\..\..\usr\lib\cmake\vtk-6.2\Modules\" />
      </Unit>
      <Unit filename="/home/martin/github/v4r/../../../../usr/lib/cmake/vtk-6.2/Modules/vtkViewsInfovis.cmake">
          <Option virtualFolder="CMake Files\..\..\..\..\usr\lib\cmake\vtk-6.2\Modules\" />
      </Unit>
      <Unit filename="/home/martin/github/v4r/../../../../usr/lib/cmake/vtk-6.2/Modules/vtkChartsCore.cmake">
          <Option virtualFolder="CMake Files\..\..\..\..\usr\lib\cmake\vtk-6.2\Modules\" />
      </Unit>
      <Unit filename="/home/martin/github/v4r/../../../../usr/lib/cmake/vtk-6.2/Modules/vtkInfovisCore.cmake">
          <Option virtualFolder="CMake Files\..\..\..\..\usr\lib\cmake\vtk-6.2\Modules\" />
      </Unit>
      <Unit filename="/home/martin/github/v4r/../../../../usr/lib/cmake/vtk-6.2/Modules/vtkFiltersImaging.cmake">
          <Option virtualFolder="CMake Files\..\..\..\..\usr\lib\cmake\vtk-6.2\Modules\" />
      </Unit>
      <Unit filename="/home/martin/github/v4r/../../../../usr/lib/cmake/vtk-6.2/Modules/vtkInfovisLayout.cmake">
          <Option virtualFolder="CMake Files\..\..\..\..\usr\lib\cmake\vtk-6.2\Modules\" />
      </Unit>
      <Unit filename="/home/martin/github/v4r/../../../../usr/lib/cmake/vtk-6.2/Modules/vtkRenderingLabel.cmake">
          <Option virtualFolder="CMake Files\..\..\..\..\usr\lib\cmake\vtk-6.2\Modules\" />
      </Unit>
      <Unit filename="/home/martin/github/v4r/../../../../usr/lib/cmake/vtk-6.2/Modules/vtkViewsCore.cmake">
          <Option virtualFolder="CMake Files\..\..\..\..\usr\lib\cmake\vtk-6.2\Modules\" />
      </Unit>
      <Unit filename="/home/martin/github/v4r/../../../../usr/lib/cmake/vtk-6.2/Modules/vtkImagingStencil.cmake">
          <Option virtualFolder="CMake Files\..\..\..\..\usr\lib\cmake\vtk-6.2\Modules\" />
      </Unit>
      <Unit filename="/home/martin/github/v4r/../../../../usr/lib/cmake/vtk-6.2/Modules/vtkIOParallelNetCDF.cmake">
          <Option virtualFolder="CMake Files\..\..\..\..\usr\lib\cmake\vtk-6.2\Modules\" />
      </Unit>
      <Unit filename="/home/martin/github/v4r/../../../../usr/lib/cmake/vtk-6.2/Modules/vtkRenderingLOD.cmake">
          <Option virtualFolder="CMake Files\..\..\..\..\usr\lib\cmake\vtk-6.2\Modules\" />
      </Unit>
      <Unit filename="/home/martin/github/v4r/../../../../usr/lib/cmake/vtk-6.2/Modules/vtkRenderingContextOpenGL.cmake">
          <Option virtualFolder="CMake Files\..\..\..\..\usr\lib\cmake\vtk-6.2\Modules\" />
      </Unit>
      <Unit filename="/home/martin/github/v4r/../../../../usr/lib/cmake/vtk-6.2/Modules/vtkInteractionImage.cmake">
          <Option virtualFolder="CMake Files\..\..\..\..\usr\lib\cmake\vtk-6.2\Modules\" />
      </Unit>
      <Unit filename="/home/martin/github/v4r/../../../../usr/lib/cmake/vtk-6.2/Modules/vtkIOMPIImage.cmake">
          <Option virtualFolder="CMake Files\..\..\..\..\usr\lib\cmake\vtk-6.2\Modules\" />
      </Unit>
      <Unit filename="/home/martin/github/v4r/../../../../usr/lib/cmake/vtk-6.2/Modules/vtkRenderingFreeTypeFontConfig.cmake">
          <Option virtualFolder="CMake Files\..\..\..\..\usr\lib\cmake\vtk-6.2\Modules\" />
      </Unit>
      <Unit filename="/home/martin/github/v4r/../../../../usr/lib/cmake/vtk-6.2/Modules/vtkexpat.cmake">
          <Option virtualFolder="CMake Files\..\..\..\..\usr\lib\cmake\vtk-6.2\Modules\" />
      </Unit>
      <Unit filename="/home/martin/github/v4r/../../../../usr/lib/cmake/vtk-6.2/Modules/vtkFiltersSMP.cmake">
          <Option virtualFolder="CMake Files\..\..\..\..\usr\lib\cmake\vtk-6.2\Modules\" />
      </Unit>
      <Unit filename="/home/martin/github/v4r/../../../../usr/lib/cmake/vtk-6.2/Modules/vtkxdmf2.cmake">
          <Option virtualFolder="CMake Files\..\..\..\..\usr\lib\cmake\vtk-6.2\Modules\" />
      </Unit>
      <Unit filename="/home/martin/github/v4r/../../../../usr/lib/cmake/vtk-6.2/Modules/vtkIOEnSight.cmake">
          <Option virtualFolder="CMake Files\..\..\..\..\usr\lib\cmake\vtk-6.2\Modules\" />
      </Unit>
      <Unit filename="/home/martin/github/v4r/../../../../usr/lib/cmake/vtk-6.2/Modules/vtkIOParallel.cmake">
          <Option virtualFolder="CMake Files\..\..\..\..\usr\lib\cmake\vtk-6.2\Modules\" />
      </Unit>
      <Unit filename="/home/martin/github/v4r/../../../../usr/lib/cmake/vtk-6.2/Modules/vtkFiltersParallel.cmake">
          <Option virtualFolder="CMake Files\..\..\..\..\usr\lib\cmake\vtk-6.2\Modules\" />
      </Unit>
      <Unit filename="/home/martin/github/v4r/../../../../usr/lib/cmake/vtk-6.2/Modules/vtkIONetCDF.cmake">
          <Option virtualFolder="CMake Files\..\..\..\..\usr\lib\cmake\vtk-6.2\Modules\" />
      </Unit>
      <Unit filename="/home/martin/github/v4r/../../../../usr/lib/cmake/vtk-6.2/Modules/vtkIOXML.cmake">
          <Option virtualFolder="CMake Files\..\..\..\..\usr\lib\cmake\vtk-6.2\Modules\" />
      </Unit>
      <Unit filename="/home/martin/github/v4r/../../../../usr/lib/cmake/vtk-6.2/Modules/vtkIOGeometry.cmake">
          <Option virtualFolder="CMake Files\..\..\..\..\usr\lib\cmake\vtk-6.2\Modules\" />
      </Unit>
      <Unit filename="/home/martin/github/v4r/../../../../usr/lib/cmake/vtk-6.2/Modules/vtkjsoncpp.cmake">
          <Option virtualFolder="CMake Files\..\..\..\..\usr\lib\cmake\vtk-6.2\Modules\" />
      </Unit>
      <Unit filename="/home/martin/github/v4r/../../../../usr/lib/cmake/vtk-6.2/Modules/vtkIOXMLParser.cmake">
          <Option virtualFolder="CMake Files\..\..\..\..\usr\lib\cmake\vtk-6.2\Modules\" />
      </Unit>
      <Unit filename="/home/martin/github/v4r/../../../../usr/lib/cmake/vtk-6.2/Modules/vtkTestingCore.cmake">
          <Option virtualFolder="CMake Files\..\..\..\..\usr\lib\cmake\vtk-6.2\Modules\" />
      </Unit>
      <Unit filename="/home/martin/github/v4r/../../../../usr/lib/cmake/vtk-6.2/Modules/vtkverdict.cmake">
          <Option virtualFolder="CMake Files\..\..\..\..\usr\lib\cmake\vtk-6.2\Modules\" />
      </Unit>
      <Unit filename="/home/martin/github/v4r/../../../../usr/lib/cmake/vtk-6.2/Modules/vtkFiltersPython.cmake">
          <Option virtualFolder="CMake Files\..\..\..\..\usr\lib\cmake\vtk-6.2\Modules\" />
      </Unit>
      <Unit filename="/home/martin/github/v4r/../../../../usr/lib/cmake/vtk-6.2/Modules/vtkIOMySQL.cmake">
          <Option virtualFolder="CMake Files\..\..\..\..\usr\lib\cmake\vtk-6.2\Modules\" />
      </Unit>
      <Unit filename="/home/martin/github/v4r/../../../../usr/lib/cmake/vtk-6.2/Modules/vtkIOSQL.cmake">
          <Option virtualFolder="CMake Files\..\..\..\..\usr\lib\cmake\vtk-6.2\Modules\" />
      </Unit>
      <Unit filename="/home/martin/github/v4r/../../../../usr/lib/cmake/vtk-6.2/Modules/vtkVPIC.cmake">
          <Option virtualFolder="CMake Files\..\..\..\..\usr\lib\cmake\vtk-6.2\Modules\" />
      </Unit>
      <Unit filename="/home/martin/github/v4r/../../../../usr/lib/cmake/vtk-6.2/Modules/vtkFiltersGeneric.cmake">
          <Option virtualFolder="CMake Files\..\..\..\..\usr\lib\cmake\vtk-6.2\Modules\" />
      </Unit>
      <Unit filename="/home/martin/github/v4r/../../../../usr/lib/cmake/vtk-6.2/Modules/vtkFiltersReebGraph.cmake">
          <Option virtualFolder="CMake Files\..\..\..\..\usr\lib\cmake\vtk-6.2\Modules\" />
      </Unit>
      <Unit filename="/home/martin/github/v4r/../../../../usr/lib/cmake/vtk-6.2/Modules/vtkInfovisBoostGraphAlgorithms.cmake">
          <Option virtualFolder="CMake Files\..\..\..\..\usr\lib\cmake\vtk-6.2\Modules\" />
      </Unit>
      <Unit filename="/home/martin/github/v4r/../../../../usr/lib/cmake/vtk-6.2/Modules/vtkIOVPIC.cmake">
          <Option virtualFolder="CMake Files\..\..\..\..\usr\lib\cmake\vtk-6.2\Modules\" />
      </Unit>
      <Unit filename="/home/martin/github/v4r/../../../../usr/lib/cmake/vtk-6.2/Modules/vtkViewsContext2D.cmake">
          <Option virtualFolder="CMake Files\..\..\..\..\usr\lib\cmake\vtk-6.2\Modules\" />
      </Unit>
      <Unit filename="/home/martin/github/v4r/../../../../usr/lib/cmake/vtk-6.2/Modules/vtkIOVideo.cmake">
          <Option virtualFolder="CMake Files\..\..\..\..\usr\lib\cmake\vtk-6.2\Modules\" />
      </Unit>
      <Unit filename="/home/martin/github/v4r/../../../../usr/lib/cmake/vtk-6.2/Modules/vtkRenderingGL2PS.cmake">
          <Option virtualFolder="CMake Files\..\..\..\..\usr\lib\cmake\vtk-6.2\Modules\" />
      </Unit>
      <Unit filename="/home/martin/github/v4r/../../../../usr/lib/cmake/vtk-6.2/Modules/vtkgl2ps.cmake">
          <Option virtualFolder="CMake Files\..\..\..\..\usr\lib\cmake\vtk-6.2\Modules\" />
      </Unit>
      <Unit filename="/home/martin/github/v4r/../../../../usr/lib/cmake/vtk-6.2/Modules/vtkIOInfovis.cmake">
          <Option virtualFolder="CMake Files\..\..\..\..\usr\lib\cmake\vtk-6.2\Modules\" />
      </Unit>
      <Unit filename="/home/martin/github/v4r/../../../../usr/lib/cmake/vtk-6.2/Modules/vtkIOImport.cmake">
          <Option virtualFolder="CMake Files\..\..\..\..\usr\lib\cmake\vtk-6.2\Modules\" />
      </Unit>
      <Unit filename="/home/martin/github/v4r/../../../../usr/lib/cmake/vtk-6.2/Modules/vtkIOFFMPEG.cmake">
          <Option virtualFolder="CMake Files\..\..\..\..\usr\lib\cmake\vtk-6.2\Modules\" />
      </Unit>
      <Unit filename="/home/martin/github/v4r/../../../../usr/lib/cmake/vtk-6.2/Modules/vtkIOMovie.cmake">
          <Option virtualFolder="CMake Files\..\..\..\..\usr\lib\cmake\vtk-6.2\Modules\" />
      </Unit>
      <Unit filename="/home/martin/github/v4r/../../../../usr/lib/cmake/vtk-6.2/Modules/vtkFiltersSelection.cmake">
          <Option virtualFolder="CMake Files\..\..\..\..\usr\lib\cmake\vtk-6.2\Modules\" />
      </Unit>
      <Unit filename="/home/martin/github/v4r/../../../../usr/lib/cmake/vtk-6.2/Modules/vtkDomainsChemistry.cmake">
          <Option virtualFolder="CMake Files\..\..\..\..\usr\lib\cmake\vtk-6.2\Modules\" />
      </Unit>
      <Unit filename="/home/martin/github/v4r/../../../../usr/lib/cmake/vtk-6.2/Modules/vtkGUISupportQtSQL.cmake">
          <Option virtualFolder="CMake Files\..\..\..\..\usr\lib\cmake\vtk-6.2\Modules\" />
      </Unit>
      <Unit filename="/home/martin/github/v4r/../../../../usr/lib/cmake/vtk-6.2/Modules/vtkRenderingParallel.cmake">
          <Option virtualFolder="CMake Files\..\..\..\..\usr\lib\cmake\vtk-6.2\Modules\" />
      </Unit>
      <Unit filename="/home/martin/github/v4r/../../../../usr/lib/cmake/vtk-6.2/Modules/vtkRenderingQt.cmake">
          <Option virtualFolder="CMake Files\..\..\..\..\usr\lib\cmake\vtk-6.2\Modules\" />
      </Unit>
      <Unit filename="/home/martin/github/v4r/../../../../usr/lib/cmake/vtk-6.2/Modules/vtkFiltersTexture.cmake">
          <Option virtualFolder="CMake Files\..\..\..\..\usr\lib\cmake\vtk-6.2\Modules\" />
      </Unit>
      <Unit filename="/home/martin/github/v4r/../../../../usr/lib/cmake/vtk-6.2/Modules/vtkIOODBC.cmake">
          <Option virtualFolder="CMake Files\..\..\..\..\usr\lib\cmake\vtk-6.2\Modules\" />
      </Unit>
      <Unit filename="/home/martin/github/v4r/../../../../usr/lib/cmake/vtk-6.2/Modules/vtkGUISupportQtWebkit.cmake">
          <Option virtualFolder="CMake Files\..\..\..\..\usr\lib\cmake\vtk-6.2\Modules\" />
      </Unit>
      <Unit filename="/home/martin/github/v4r/../../../../usr/lib/cmake/vtk-6.2/Modules/vtkViewsQt.cmake">
          <Option virtualFolder="CMake Files\..\..\..\..\usr\lib\cmake\vtk-6.2\Modules\" />
      </Unit>
      <Unit filename="/home/martin/github/v4r/../../../../usr/lib/cmake/vtk-6.2/Modules/vtkIOPostgreSQL.cmake">
          <Option virtualFolder="CMake Files\..\..\..\..\usr\lib\cmake\vtk-6.2\Modules\" />
      </Unit>
      <Unit filename="/home/martin/github/v4r/../../../../usr/lib/cmake/vtk-6.2/Modules/vtkglew.cmake">
          <Option virtualFolder="CMake Files\..\..\..\..\usr\lib\cmake\vtk-6.2\Modules\" />
      </Unit>
      <Unit filename="/home/martin/github/v4r/../../../../usr/lib/cmake/vtk-6.2/Modules/vtkLocalExample.cmake">
          <Option virtualFolder="CMake Files\..\..\..\..\usr\lib\cmake\vtk-6.2\Modules\" />
      </Unit>
      <Unit filename="/home/martin/github/v4r/../../../../usr/lib/cmake/vtk-6.2/Modules/vtkFiltersParallelStatistics.cmake">
          <Option virtualFolder="CMake Files\..\..\..\..\usr\lib\cmake\vtk-6.2\Modules\" />
      </Unit>
      <Unit filename="/home/martin/github/v4r/../../../../usr/lib/cmake/vtk-6.2/Modules/vtkFiltersParallelImaging.cmake">
          <Option virtualFolder="CMake Files\..\..\..\..\usr\lib\cmake\vtk-6.2\Modules\" />
      </Unit>
      <Unit filename="/home/martin/github/v4r/../../../../usr/lib/cmake/vtk-6.2/Modules/vtkWrappingJava.cmake">
          <Option virtualFolder="CMake Files\..\..\..\..\usr\lib\cmake\vtk-6.2\Modules\" />
      </Unit>
      <Unit filename="/home/martin/github/v4r/../../../../usr/lib/cmake/vtk-6.2/Modules/vtkRenderingParallelLIC.cmake">
          <Option virtualFolder="CMake Files\..\..\..\..\usr\lib\cmake\vtk-6.2\Modules\" />
      </Unit>
      <Unit filename="/home/martin/github/v4r/../../../../usr/lib/cmake/vtk-6.2/Modules/vtkRenderingLIC.cmake">
          <Option virtualFolder="CMake Files\..\..\..\..\usr\lib\cmake\vtk-6.2\Modules\" />
      </Unit>
      <Unit filename="/home/martin/github/v4r/../../../../usr/lib/cmake/vtk-6.2/Modules/vtkRenderingImage.cmake">
          <Option virtualFolder="CMake Files\..\..\..\..\usr\lib\cmake\vtk-6.2\Modules\" />
      </Unit>
      <Unit filename="/home/martin/github/v4r/../../../../usr/lib/cmake/vtk-6.2/Modules/vtkIOGDAL.cmake">
          <Option virtualFolder="CMake Files\..\..\..\..\usr\lib\cmake\vtk-6.2\Modules\" />
      </Unit>
      <Unit filename="/home/martin/github/v4r/../../../../usr/lib/cmake/vtk-6.2/Modules/vtkRenderingVolumeOpenGL.cmake">
          <Option virtualFolder="CMake Files\..\..\..\..\usr\lib\cmake\vtk-6.2\Modules\" />
      </Unit>
      <Unit filename="/home/martin/github/v4r/../../../../usr/lib/cmake/vtk-6.2/Modules/vtkRenderingExternal.cmake">
          <Option virtualFolder="CMake Files\..\..\..\..\usr\lib\cmake\vtk-6.2\Modules\" />
      </Unit>
      <Unit filename="/home/martin/github/v4r/../../../../usr/lib/cmake/vtk-6.2/Modules/vtkIOPLY.cmake">
          <Option virtualFolder="CMake Files\..\..\..\..\usr\lib\cmake\vtk-6.2\Modules\" />
      </Unit>
      <Unit filename="/home/martin/github/v4r/../../../../usr/lib/cmake/vtk-6.2/Modules/vtkIOMPIParallel.cmake">
          <Option virtualFolder="CMake Files\..\..\..\..\usr\lib\cmake\vtk-6.2\Modules\" />
      </Unit>
      <Unit filename="/home/martin/github/v4r/../../../../usr/lib/cmake/vtk-6.2/Modules/vtkIOExodus.cmake">
          <Option virtualFolder="CMake Files\..\..\..\..\usr\lib\cmake\vtk-6.2\Modules\" />
      </Unit>
      <Unit filename="/home/martin/github/v4r/../../../../usr/lib/cmake/vtk-6.2/Modules/vtkIOGeoJSON.cmake">
          <Option virtualFolder="CMake Files\..\..\..\..\usr\lib\cmake\vtk-6.2\Modules\" />
      </Unit>
      <Unit filename="/home/martin/github/v4r/../../../../usr/lib/cmake/vtk-6.2/Modules/vtkViewsGeovis.cmake">
          <Option virtualFolder="CMake Files\..\..\..\..\usr\lib\cmake\vtk-6.2\Modules\" />
      </Unit>
      <Unit filename="/home/martin/github/v4r/../../../../usr/lib/cmake/vtk-6.2/Modules/vtkGeovisCore.cmake">
          <Option virtualFolder="CMake Files\..\..\..\..\usr\lib\cmake\vtk-6.2\Modules\" />
      </Unit>
      <Unit filename="/home/martin/github/v4r/../../../../usr/lib/cmake/vtk-6.2/Modules/vtklibproj4.cmake">
          <Option virtualFolder="CMake Files\..\..\..\..\usr\lib\cmake\vtk-6.2\Modules\" />
      </Unit>
      <Unit filename="/home/martin/github/v4r/../../../../usr/lib/cmake/vtk-6.2/Modules/vtkFiltersParallelGeometry.cmake">
          <Option virtualFolder="CMake Files\..\..\..\..\usr\lib\cmake\vtk-6.2\Modules\" />
      </Unit>
      <Unit filename="/home/martin/github/v4r/../../../../usr/lib/cmake/vtk-6.2/Modules/vtkIOXdmf2.cmake">
          <Option virtualFolder="CMake Files\..\..\..\..\usr\lib\cmake\vtk-6.2\Modules\" />
      </Unit>
      <Unit filename="/home/martin/github/v4r/../../../../usr/lib/cmake/vtk-6.2/Modules/vtkRenderingFreeTypeOpenGL.cmake">
          <Option virtualFolder="CMake Files\..\..\..\..\usr\lib\cmake\vtk-6.2\Modules\" />
      </Unit>
      <Unit filename="/home/martin/github/v4r/../../../../usr/lib/cmake/vtk-6.2/Modules/vtkTestingRendering.cmake">
          <Option virtualFolder="CMake Files\..\..\..\..\usr\lib\cmake\vtk-6.2\Modules\" />
      </Unit>
      <Unit filename="/home/martin/github/v4r/../../../../usr/lib/cmake/vtk-6.2/Modules/vtkWrappingTcl.cmake">
          <Option virtualFolder="CMake Files\..\..\..\..\usr\lib\cmake\vtk-6.2\Modules\" />
      </Unit>
      <Unit filename="/home/martin/github/v4r/../../../../usr/lib/cmake/vtk-6.2/Modules/vtkTclTk.cmake">
          <Option virtualFolder="CMake Files\..\..\..\..\usr\lib\cmake\vtk-6.2\Modules\" />
      </Unit>
      <Unit filename="/home/martin/github/v4r/../../../../usr/lib/cmake/vtk-6.2/Modules/vtkImagingMorphological.cmake">
          <Option virtualFolder="CMake Files\..\..\..\..\usr\lib\cmake\vtk-6.2\Modules\" />
      </Unit>
      <Unit filename="/home/martin/github/v4r/../../../../usr/lib/cmake/vtk-6.2/Modules/vtkFiltersParallelMPI.cmake">
          <Option virtualFolder="CMake Files\..\..\..\..\usr\lib\cmake\vtk-6.2\Modules\" />
      </Unit>
      <Unit filename="/home/martin/github/v4r/../../../../usr/lib/cmake/vtk-6.2/Modules/vtkTestingIOSQL.cmake">
          <Option virtualFolder="CMake Files\..\..\..\..\usr\lib\cmake\vtk-6.2\Modules\" />
      </Unit>
      <Unit filename="/home/martin/github/v4r/../../../../usr/lib/cmake/vtk-6.2/Modules/vtkFiltersHyperTree.cmake">
          <Option virtualFolder="CMake Files\..\..\..\..\usr\lib\cmake\vtk-6.2\Modules\" />
      </Unit>
      <Unit filename="/home/martin/github/v4r/../../../../usr/lib/cmake/vtk-6.2/Modules/vtkImagingMath.cmake">
          <Option virtualFolder="CMake Files\..\..\..\..\usr\lib\cmake\vtk-6.2\Modules\" />
      </Unit>
      <Unit filename="/home/martin/github/v4r/../../../../usr/lib/cmake/vtk-6.2/Modules/vtkParallelMPI4Py.cmake">
          <Option virtualFolder="CMake Files\..\..\..\..\usr\lib\cmake\vtk-6.2\Modules\" />
      </Unit>
      <Unit filename="/home/martin/github/v4r/../../../../usr/lib/cmake/vtk-6.2/Modules/vtkInfovisBoost.cmake">
          <Option virtualFolder="CMake Files\..\..\..\..\usr\lib\cmake\vtk-6.2\Modules\" />
      </Unit>
      <Unit filename="/home/martin/github/v4r/../../../../usr/lib/cmake/vtk-6.2/Modules/vtkIOExport.cmake">
          <Option virtualFolder="CMake Files\..\..\..\..\usr\lib\cmake\vtk-6.2\Modules\" />
      </Unit>
      <Unit filename="/home/martin/github/v4r/../../../../usr/lib/cmake/vtk-6.2/Modules/vtkIOParallelXML.cmake">
          <Option virtualFolder="CMake Files\..\..\..\..\usr\lib\cmake\vtk-6.2\Modules\" />
      </Unit>
      <Unit filename="/home/martin/github/v4r/../../../../usr/lib/cmake/vtk-6.2/Modules/vtkFiltersVerdict.cmake">
          <Option virtualFolder="CMake Files\..\..\..\..\usr\lib\cmake\vtk-6.2\Modules\" />
      </Unit>
      <Unit filename="/home/martin/github/v4r/../../../../usr/lib/cmake/vtk-6.2/Modules/vtkIOParallelExodus.cmake">
          <Option virtualFolder="CMake Files\..\..\..\..\usr\lib\cmake\vtk-6.2\Modules\" />
      </Unit>
      <Unit filename="/home/martin/github/v4r/../../../../usr/lib/cmake/vtk-6.2/Modules/vtkIOMINC.cmake">
          <Option virtualFolder="CMake Files\..\..\..\..\usr\lib\cmake\vtk-6.2\Modules\" />
      </Unit>
      <Unit filename="/home/martin/github/v4r/../../../../usr/lib/cmake/vtk-6.2/Modules/vtkIOAMR.cmake">
          <Option virtualFolder="CMake Files\..\..\..\..\usr\lib\cmake\vtk-6.2\Modules\" />
      </Unit>
      <Unit filename="/home/martin/github/v4r/../../../../usr/lib/cmake/vtk-6.2/Modules/vtkRenderingTk.cmake">
          <Option virtualFolder="CMake Files\..\..\..\..\usr\lib\cmake\vtk-6.2\Modules\" />
      </Unit>
      <Unit filename="/home/martin/github/v4r/../../../../usr/lib/cmake/vtk-6.2/Modules/vtkIOLSDyna.cmake">
          <Option virtualFolder="CMake Files\..\..\..\..\usr\lib\cmake\vtk-6.2\Modules\" />
      </Unit>
      <Unit filename="/home/martin/github/v4r/../../../../usr/lib/cmake/vtk-6.2/Modules/vtkImagingStatistics.cmake">
          <Option virtualFolder="CMake Files\..\..\..\..\usr\lib\cmake\vtk-6.2\Modules\" />
      </Unit>
      <Unit filename="/home/martin/github/v4r/../../../../usr/lib/cmake/vtk-6.2/Modules/vtkIOParallelLSDyna.cmake">
          <Option virtualFolder="CMake Files\..\..\..\..\usr\lib\cmake\vtk-6.2\Modules\" />
      </Unit>
      <Unit filename="/home/martin/github/v4r/../../../../usr/share/OpenCV/OpenCVConfig-version.cmake">
          <Option virtualFolder="CMake Files\..\..\..\..\usr\share\OpenCV\" />
      </Unit>
      <Unit filename="/home/martin/github/v4r/../../../../usr/share/OpenCV/OpenCVConfig.cmake">
          <Option virtualFolder="CMake Files\..\..\..\..\usr\share\OpenCV\" />
      </Unit>
      <Unit filename="/home/martin/github/v4r/../../../../usr/share/OpenCV/OpenCVModules.cmake">
          <Option virtualFolder="CMake Files\..\..\..\..\usr\share\OpenCV\" />
      </Unit>
      <Unit filename="/home/martin/github/v4r/../../../../usr/share/OpenCV/OpenCVModules-release.cmake">
          <Option virtualFolder="CMake Files\..\..\..\..\usr\share\OpenCV\" />
      </Unit>
      <Unit filename="/home/martin/github/v4r/../caffe/build/CaffeConfig.cmake">
          <Option virtualFolder="CMake Files\..\caffe\build\" />
      </Unit>
      <Unit filename="/home/martin/github/v4r/../caffe/build/CaffeTargets.cmake">
          <Option virtualFolder="CMake Files\..\caffe\build\" />
      </Unit>
      <Unit filename="/home/martin/github/v4r/3rdparty/EDT/CMakeLists.txt">
          <Option virtualFolder="CMake Files\3rdparty\EDT\" />
      </Unit>
      <Unit filename="/home/martin/github/v4r/3rdparty/EDT/CMakeLists.txt">
          <Option virtualFolder="CMake Files\3rdparty\EDT\" />
      </Unit>
      <Unit filename="/home/martin/github/v4r/3rdparty/SiftGPU/CMakeLists.txt">
          <Option virtualFolder="CMake Files\3rdparty\SiftGPU\" />
      </Unit>
      <Unit filename="/home/martin/github/v4r/3rdparty/SiftGPU/CMakeLists.txt">
          <Option virtualFolder="CMake Files\3rdparty\SiftGPU\" />
      </Unit>
      <Unit filename="/home/martin/github/v4r/3rdparty/SiftGPU/tmp/siftgpu_external-cfgcmd.txt.in">
          <Option virtualFolder="CMake Files\3rdparty\SiftGPU\tmp\" />
      </Unit>
      <Unit filename="/home/martin/github/v4r/3rdparty/SiftGPU/tmp/siftgpu_external-cfgcmd.txt.in">
          <Option virtualFolder="CMake Files\3rdparty\SiftGPU\tmp\" />
      </Unit>
      <Unit filename="/home/martin/github/v4r/3rdparty/metslib/CMakeLists.txt">
          <Option virtualFolder="CMake Files\3rdparty\metslib\" />
      </Unit>
      <Unit filename="/home/martin/github/v4r/3rdparty/metslib/CMakeLists.txt">
          <Option virtualFolder="CMake Files\3rdparty\metslib\" />
      </Unit>
      <Unit filename="/home/martin/github/v4r/3rdparty/libsvm/CMakeLists.txt">
          <Option virtualFolder="CMake Files\3rdparty\libsvm\" />
      </Unit>
      <Unit filename="/home/martin/github/v4r/3rdparty/libsvm/CMakeLists.txt">
          <Option virtualFolder="CMake Files\3rdparty\libsvm\" />
      </Unit>
      <Unit filename="/home/martin/github/v4r/3rdparty/libsvm/tmp/libsvm_external-cfgcmd.txt.in">
          <Option virtualFolder="CMake Files\3rdparty\libsvm\tmp\" />
      </Unit>
      <Unit filename="/home/martin/github/v4r/3rdparty/libsvm/tmp/libsvm_external-cfgcmd.txt.in">
          <Option virtualFolder="CMake Files\3rdparty\libsvm\tmp\" />
      </Unit>
      <Unit filename="/home/martin/github/v4r/samples/CMakeLists.txt">
          <Option virtualFolder="CMake Files\samples\" />
      </Unit>
      <Unit filename="/home/martin/github/v4r/samples/CMakeLists.txt">
          <Option virtualFolder="CMake Files\samples\" />
      </Unit>
      <Unit filename="/home/martin/github/v4r/samples/examples/CMakeLists.txt">
          <Option virtualFolder="CMake Files\samples\examples\" />
      </Unit>
      <Unit filename="/home/martin/github/v4r/samples/examples/CMakeLists.txt">
          <Option virtualFolder="CMake Files\samples\examples\" />
      </Unit>
      <Unit filename="/home/martin/github/v4r/samples/eval/CMakeLists.txt">
          <Option virtualFolder="CMake Files\samples\eval\" />
      </Unit>
      <Unit filename="/home/martin/github/v4r/samples/eval/CMakeLists.txt">
          <Option virtualFolder="CMake Files\samples\eval\" />
      </Unit>
      <Unit filename="/home/martin/github/v4r/samples/tools/CMakeLists.txt">
          <Option virtualFolder="CMake Files\samples\tools\" />
      </Unit>
      <Unit filename="/home/martin/github/v4r/samples/tools/CMakeLists.txt">
          <Option virtualFolder="CMake Files\samples\tools\" />
      </Unit>
      <Unit filename="/home/martin/github/v4r/samples/own/CMakeLists.txt">
          <Option virtualFolder="CMake Files\samples\own\" />
      </Unit>
      <Unit filename="/home/martin/github/v4r/samples/own/CMakeLists.txt">
          <Option virtualFolder="CMake Files\samples\own\" />
      </Unit>
   </Project>
</CodeBlocks_project_file>
